{
  "version": 4,
  "terraform_version": "1.5.7",
  "serial": 70,
  "lineage": "c1ca1018-4c41-3b9f-09f0-890f21711cb5",
  "outputs": {
    "alb_dns_name": {
      "value": null,
      "type": "string"
    },
    "alb_url": {
      "value": null,
      "type": "string"
    },
    "cloudwatch_alarms": {
      "value": {
        "cpu_high": "strapi-ecs-cpu-utilization-high",
        "memory_high": "strapi-ecs-memory-utilization-high",
        "rds_connections_high": "strapi-rds-database-connections-high",
        "rds_cpu_high": "strapi-rds-cpu-utilization-high",
        "task_count_low": "strapi-ecs-running-task-count-low"
      },
      "type": [
        "object",
        {
          "cpu_high": "string",
          "memory_high": "string",
          "rds_connections_high": "string",
          "rds_cpu_high": "string",
          "task_count_low": "string"
        }
      ]
    },
    "cloudwatch_dashboard_url": {
      "value": "https://console.aws.amazon.com/cloudwatch/home?region=ap-south-1#dashboards:name=strapi-application-monitoring",
      "type": "string"
    },
    "cloudwatch_log_group_name": {
      "value": "/ecs/strapi",
      "type": "string"
    },
    "rds_endpoint": {
      "value": "strapidb-irfan-ap.cbowmc0uim96.ap-south-1.rds.amazonaws.com",
      "type": "string"
    }
  },
  "resources": [
    {
      "mode": "data",
      "type": "aws_subnets",
      "name": "default_vpc_subnets",
      "provider": "provider[\"registry.terraform.io/hashicorp/aws\"]",
      "instances": [
        {
          "schema_version": 0,
          "attributes": {
            "filter": [
              {
                "name": "vpc-id",
                "values": [
                  "vpc-0a8a952bd82a9c081"
                ]
              }
            ],
            "id": "ap-south-1",
            "ids": [
              "subnet-0dcf98e23a5861550",
              "subnet-0342cfb028d6aff5a",
              "subnet-0b5f44f6a7c3f2a17"
            ],
            "region": "ap-south-1",
            "tags": null,
            "timeouts": null
          },
          "sensitive_attributes": []
        }
      ]
    },
    {
      "mode": "data",
      "type": "aws_vpc",
      "name": "default",
      "provider": "provider[\"registry.terraform.io/hashicorp/aws\"]",
      "instances": [
        {
          "schema_version": 0,
          "attributes": {
            "arn": "arn:aws:ec2:ap-south-1:301782007642:vpc/vpc-0a8a952bd82a9c081",
            "cidr_block": "172.31.0.0/16",
            "cidr_block_associations": [
              {
                "association_id": "vpc-cidr-assoc-097b1ca05794939fa",
                "cidr_block": "172.31.0.0/16",
                "state": "associated"
              }
            ],
            "default": true,
            "dhcp_options_id": "dopt-0aa0b951be62c2363",
            "enable_dns_hostnames": true,
            "enable_dns_support": true,
            "enable_network_address_usage_metrics": false,
            "filter": null,
            "id": "vpc-0a8a952bd82a9c081",
            "instance_tenancy": "default",
            "ipv6_association_id": "",
            "ipv6_cidr_block": "",
            "main_route_table_id": "rtb-0a461c6375ab308d3",
            "owner_id": "301782007642",
            "region": "ap-south-1",
            "state": null,
            "tags": {},
            "timeouts": null
          },
          "sensitive_attributes": []
        }
      ]
    },
    {
      "mode": "managed",
      "type": "aws_cloudwatch_dashboard",
      "name": "strapi_main",
      "provider": "provider[\"registry.terraform.io/hashicorp/aws\"]",
      "instances": [
        {
          "schema_version": 0,
          "attributes": {
            "dashboard_arn": "arn:aws:cloudwatch::301782007642:dashboard/strapi-application-monitoring",
            "dashboard_body": "{\"widgets\":[{\"properties\":{\"dimensions\":{\"ClusterName\":\"strapi-ecs-irfan-cluster\",\"ServiceName\":\"strapi-service\"},\"metrics\":[[\"AWS/ECS\",\"CPUUtilization\",{\"label\":\"ECS CPU %\",\"stat\":\"Average\"}],[\".\",\"MemoryUtilization\",{\"label\":\"ECS Memory %\",\"stat\":\"Average\"}],[\".\",\"RunningCount\",{\"label\":\"Running Tasks\",\"stat\":\"Average\"}]],\"period\":300,\"region\":\"ap-south-1\",\"stat\":\"Average\",\"title\":\"ECS Task Metrics\",\"yAxis\":{\"left\":{\"max\":100,\"min\":0}}},\"type\":\"metric\"},{\"properties\":{\"dimensions\":{\"DBInstanceIdentifier\":\"db-TCOEQ7UGUFE7YX566J4QWRBIWA\"},\"metrics\":[[\"AWS/RDS\",\"CPUUtilization\",{\"label\":\"RDS CPU %\",\"stat\":\"Average\"}],[\".\",\"DatabaseConnections\",{\"label\":\"DB Connections\",\"stat\":\"Average\"}],[\".\",\"DiskQueueDepth\",{\"label\":\"Disk Queue Depth\",\"stat\":\"Average\"}]],\"period\":300,\"region\":\"ap-south-1\",\"stat\":\"Average\",\"title\":\"RDS Database Metrics\",\"yAxis\":{\"left\":{\"min\":0}}},\"type\":\"metric\"},{\"properties\":{\"dimensions\":{\"ClusterName\":\"strapi-ecs-irfan-cluster\",\"ServiceName\":\"strapi-service\"},\"metrics\":[[\"AWS/ECS\",\"NetworkIn\",{\"label\":\"Network In (bytes)\",\"stat\":\"Sum\"}],[\".\",\"NetworkOut\",{\"label\":\"Network Out (bytes)\",\"stat\":\"Sum\"}]],\"period\":300,\"region\":\"ap-south-1\",\"stat\":\"Sum\",\"title\":\"Network Traffic\",\"yAxis\":{\"left\":{\"min\":0}}},\"type\":\"metric\"},{\"properties\":{\"dimensions\":{\"ClusterName\":\"strapi-ecs-irfan-cluster\",\"ServiceName\":\"strapi-service\"},\"metrics\":[[\"AWS/ECS\",\"DesiredTaskCount\",{\"label\":\"Desired Tasks\",\"stat\":\"Average\"}],[\".\",\"RunningCount\",{\"label\":\"Running Tasks\",\"stat\":\"Average\"}]],\"period\":300,\"region\":\"ap-south-1\",\"stat\":\"Average\",\"title\":\"Task Deployment Status\",\"yAxis\":{\"left\":{\"min\":0}}},\"type\":\"metric\"}]}",
            "dashboard_name": "strapi-application-monitoring",
            "id": "strapi-application-monitoring",
            "region": "ap-south-1"
          },
          "sensitive_attributes": [],
          "private": "bnVsbA==",
          "dependencies": [
            "aws_cloudwatch_log_group.strapi_ecs",
            "aws_db_instance.strapi_db",
            "aws_db_subnet_group.default",
            "aws_ecs_cluster.this",
            "aws_ecs_service.this",
            "aws_ecs_task_definition.this",
            "aws_iam_role.ecs_execution",
            "aws_iam_role.ecs_task",
            "aws_lb.strapi_alb",
            "aws_lb_listener.strapi_listener",
            "aws_lb_target_group.strapi_tg",
            "aws_security_group.alb_sg",
            "aws_security_group.ecs_sg",
            "aws_security_group.rds_sg",
            "data.aws_subnets.default_vpc_subnets",
            "data.aws_vpc.default"
          ]
        }
      ]
    },
    {
      "mode": "managed",
      "type": "aws_cloudwatch_dashboard",
      "name": "strapi_performance",
      "provider": "provider[\"registry.terraform.io/hashicorp/aws\"]",
      "instances": [
        {
          "schema_version": 0,
          "attributes": {
            "dashboard_arn": "arn:aws:cloudwatch::301782007642:dashboard/strapi-performance-monitoring",
            "dashboard_body": "{\"widgets\":[{\"properties\":{\"dimensions\":{\"ClusterName\":\"strapi-ecs-irfan-cluster\",\"ServiceName\":\"strapi-service\"},\"metrics\":[[\"AWS/ECS\",\"CPUUtilization\",{\"label\":\"Peak CPU\",\"stat\":\"Maximum\"}],[\"...\",{\"label\":\"Min CPU\",\"stat\":\"Minimum\"}],[\"...\",{\"label\":\"Avg CPU\",\"stat\":\"Average\"}]],\"period\":60,\"region\":\"ap-south-1\",\"stat\":\"Average\",\"title\":\"CPU Utilization Trends\",\"yAxis\":{\"left\":{\"max\":100,\"min\":0}}},\"type\":\"metric\"},{\"properties\":{\"dimensions\":{\"ClusterName\":\"strapi-ecs-irfan-cluster\",\"ServiceName\":\"strapi-service\"},\"metrics\":[[\"AWS/ECS\",\"MemoryUtilization\",{\"label\":\"Peak Memory\",\"stat\":\"Maximum\"}],[\"...\",{\"label\":\"Min Memory\",\"stat\":\"Minimum\"}],[\"...\",{\"label\":\"Avg Memory\",\"stat\":\"Average\"}]],\"period\":60,\"region\":\"ap-south-1\",\"stat\":\"Average\",\"title\":\"Memory Utilization Trends\",\"yAxis\":{\"left\":{\"max\":100,\"min\":0}}},\"type\":\"metric\"},{\"properties\":{\"dimensions\":{\"ClusterName\":\"strapi-ecs-irfan-cluster\",\"ServiceName\":\"strapi-service\"},\"metrics\":[[\"AWS/ECS\",\"MemoryUtilization\",{\"label\":\"Peak Memory\",\"stat\":\"Maximum\"}],[\"...\",{\"label\":\"Min Memory\",\"stat\":\"Minimum\"}],[\"...\",{\"label\":\"Avg Memory\",\"stat\":\"Average\"}]],\"period\":60,\"region\":\"ap-south-1\",\"stat\":\"Average\",\"title\":\"Memory Utilization Trends\",\"yAxis\":{\"left\":{\"max\":100,\"min\":0}}},\"type\":\"metric\"},{\"properties\":{\"dimensions\":{\"ClusterName\":\"strapi-ecs-irfan-cluster\",\"ServiceName\":\"strapi-service\"},\"metrics\":[[\"AWS/ECS\",\"NetworkIn\",{\"label\":\"Network In (bytes)\",\"stat\":\"Sum\"}],[\".\",\"NetworkOut\",{\"label\":\"Network Out (bytes)\",\"stat\":\"Sum\"}]],\"period\":300,\"region\":\"ap-south-1\",\"stat\":\"Sum\",\"title\":\"Application Response Times\",\"yAxis\":{\"left\":{\"min\":0}}},\"type\":\"metric\"},{\"properties\":{\"dimensions\":{\"DBInstanceIdentifier\":\"db-TCOEQ7UGUFE7YX566J4QWRBIWA\"},\"metrics\":[[\"AWS/RDS\",\"DatabaseConnections\"],[\".\",\"NetworkReceiveThroughput\"],[\".\",\"NetworkTransmitThroughput\"]],\"period\":300,\"region\":\"ap-south-1\",\"stat\":\"Average\",\"title\":\"RDS Network Throughput\"},\"type\":\"metric\"}]}",
            "dashboard_name": "strapi-performance-monitoring",
            "id": "strapi-performance-monitoring",
            "region": "ap-south-1"
          },
          "sensitive_attributes": [],
          "private": "bnVsbA==",
          "dependencies": [
            "aws_cloudwatch_log_group.strapi_ecs",
            "aws_db_instance.strapi_db",
            "aws_db_subnet_group.default",
            "aws_ecs_cluster.this",
            "aws_ecs_service.this",
            "aws_ecs_task_definition.this",
            "aws_iam_role.ecs_execution",
            "aws_iam_role.ecs_task",
            "aws_lb.strapi_alb",
            "aws_lb_listener.strapi_listener",
            "aws_lb_target_group.strapi_tg",
            "aws_security_group.alb_sg",
            "aws_security_group.ecs_sg",
            "aws_security_group.rds_sg",
            "data.aws_subnets.default_vpc_subnets",
            "data.aws_vpc.default"
          ]
        }
      ]
    },
    {
      "mode": "managed",
      "type": "aws_cloudwatch_log_group",
      "name": "rds_events",
      "provider": "provider[\"registry.terraform.io/hashicorp/aws\"]",
      "instances": [
        {
          "schema_version": 0,
          "attributes": {
            "arn": "arn:aws:logs:ap-south-1:301782007642:log-group:/aws/rds/strapi-db",
            "deletion_protection_enabled": false,
            "id": "/aws/rds/strapi-db",
            "kms_key_id": "",
            "log_group_class": "STANDARD",
            "name": "/aws/rds/strapi-db",
            "name_prefix": "",
            "region": "ap-south-1",
            "retention_in_days": 7,
            "skip_destroy": false,
            "tags": {
              "Environment": "production",
              "ManagedBy": "terraform",
              "Name": "strapi-rds-logs"
            },
            "tags_all": {
              "Environment": "production",
              "ManagedBy": "terraform",
              "Name": "strapi-rds-logs"
            }
          },
          "sensitive_attributes": [],
          "private": "bnVsbA=="
        }
      ]
    },
    {
      "mode": "managed",
      "type": "aws_cloudwatch_log_group",
      "name": "strapi_ecs",
      "provider": "provider[\"registry.terraform.io/hashicorp/aws\"]",
      "instances": [
        {
          "schema_version": 0,
          "attributes": {
            "arn": "arn:aws:logs:ap-south-1:301782007642:log-group:/ecs/strapi",
            "deletion_protection_enabled": false,
            "id": "/ecs/strapi",
            "kms_key_id": "",
            "log_group_class": "STANDARD",
            "name": "/ecs/strapi",
            "name_prefix": "",
            "region": "ap-south-1",
            "retention_in_days": 7,
            "skip_destroy": false,
            "tags": {
              "Environment": "production",
              "ManagedBy": "terraform",
              "Name": "strapi-ecs-logs"
            },
            "tags_all": {
              "Environment": "production",
              "ManagedBy": "terraform",
              "Name": "strapi-ecs-logs"
            }
          },
          "sensitive_attributes": [],
          "private": "bnVsbA=="
        }
      ]
    },
    {
      "mode": "managed",
      "type": "aws_cloudwatch_log_stream",
      "name": "strapi_container",
      "provider": "provider[\"registry.terraform.io/hashicorp/aws\"]",
      "instances": [
        {
          "schema_version": 0,
          "attributes": {
            "arn": "arn:aws:logs:ap-south-1:301782007642:log-group:/ecs/strapi:log-stream:ecs/strapi-container",
            "id": "ecs/strapi-container",
            "log_group_name": "/ecs/strapi",
            "name": "ecs/strapi-container",
            "region": "ap-south-1"
          },
          "sensitive_attributes": [],
          "private": "bnVsbA==",
          "dependencies": [
            "aws_cloudwatch_log_group.strapi_ecs"
          ]
        }
      ]
    },
    {
      "mode": "managed",
      "type": "aws_cloudwatch_metric_alarm",
      "name": "ecs_cpu_high",
      "provider": "provider[\"registry.terraform.io/hashicorp/aws\"]",
      "instances": [
        {
          "schema_version": 1,
          "attributes": {
            "actions_enabled": true,
            "alarm_actions": [],
            "alarm_description": "Alert when ECS task CPU exceeds 80%",
            "alarm_name": "strapi-ecs-cpu-utilization-high",
            "arn": "arn:aws:cloudwatch:ap-south-1:301782007642:alarm:strapi-ecs-cpu-utilization-high",
            "comparison_operator": "GreaterThanThreshold",
            "datapoints_to_alarm": 0,
            "dimensions": {
              "ClusterName": "strapi-ecs-irfan-cluster",
              "ServiceName": "strapi-service"
            },
            "evaluate_low_sample_count_percentiles": "",
            "evaluation_periods": 2,
            "extended_statistic": "",
            "id": "strapi-ecs-cpu-utilization-high",
            "insufficient_data_actions": [],
            "metric_name": "CPUUtilization",
            "metric_query": [],
            "namespace": "AWS/ECS",
            "ok_actions": [],
            "period": 300,
            "region": "ap-south-1",
            "statistic": "Average",
            "tags": {
              "Name": "strapi-cpu-alarm"
            },
            "tags_all": {
              "Name": "strapi-cpu-alarm"
            },
            "threshold": 80,
            "threshold_metric_id": "",
            "treat_missing_data": "notBreaching",
            "unit": ""
          },
          "sensitive_attributes": [],
          "private": "eyJzY2hlbWFfdmVyc2lvbiI6IjEifQ==",
          "dependencies": [
            "aws_cloudwatch_log_group.strapi_ecs",
            "aws_db_instance.strapi_db",
            "aws_db_subnet_group.default",
            "aws_ecs_cluster.this",
            "aws_ecs_service.this",
            "aws_ecs_task_definition.this",
            "aws_iam_role.ecs_execution",
            "aws_iam_role.ecs_task",
            "aws_lb.strapi_alb",
            "aws_lb_listener.strapi_listener",
            "aws_lb_target_group.strapi_tg",
            "aws_security_group.alb_sg",
            "aws_security_group.ecs_sg",
            "aws_security_group.rds_sg",
            "data.aws_subnets.default_vpc_subnets",
            "data.aws_vpc.default"
          ]
        }
      ]
    },
    {
      "mode": "managed",
      "type": "aws_cloudwatch_metric_alarm",
      "name": "ecs_memory_high",
      "provider": "provider[\"registry.terraform.io/hashicorp/aws\"]",
      "instances": [
        {
          "schema_version": 1,
          "attributes": {
            "actions_enabled": true,
            "alarm_actions": [],
            "alarm_description": "Alert when ECS task memory exceeds 85%",
            "alarm_name": "strapi-ecs-memory-utilization-high",
            "arn": "arn:aws:cloudwatch:ap-south-1:301782007642:alarm:strapi-ecs-memory-utilization-high",
            "comparison_operator": "GreaterThanThreshold",
            "datapoints_to_alarm": 0,
            "dimensions": {
              "ClusterName": "strapi-ecs-irfan-cluster",
              "ServiceName": "strapi-service"
            },
            "evaluate_low_sample_count_percentiles": "",
            "evaluation_periods": 2,
            "extended_statistic": "",
            "id": "strapi-ecs-memory-utilization-high",
            "insufficient_data_actions": [],
            "metric_name": "MemoryUtilization",
            "metric_query": [],
            "namespace": "AWS/ECS",
            "ok_actions": [],
            "period": 300,
            "region": "ap-south-1",
            "statistic": "Average",
            "tags": {
              "Name": "strapi-memory-alarm"
            },
            "tags_all": {
              "Name": "strapi-memory-alarm"
            },
            "threshold": 85,
            "threshold_metric_id": "",
            "treat_missing_data": "notBreaching",
            "unit": ""
          },
          "sensitive_attributes": [],
          "private": "eyJzY2hlbWFfdmVyc2lvbiI6IjEifQ==",
          "dependencies": [
            "aws_cloudwatch_log_group.strapi_ecs",
            "aws_db_instance.strapi_db",
            "aws_db_subnet_group.default",
            "aws_ecs_cluster.this",
            "aws_ecs_service.this",
            "aws_ecs_task_definition.this",
            "aws_iam_role.ecs_execution",
            "aws_iam_role.ecs_task",
            "aws_lb.strapi_alb",
            "aws_lb_listener.strapi_listener",
            "aws_lb_target_group.strapi_tg",
            "aws_security_group.alb_sg",
            "aws_security_group.ecs_sg",
            "aws_security_group.rds_sg",
            "data.aws_subnets.default_vpc_subnets",
            "data.aws_vpc.default"
          ]
        }
      ]
    },
    {
      "mode": "managed",
      "type": "aws_cloudwatch_metric_alarm",
      "name": "ecs_running_count_low",
      "provider": "provider[\"registry.terraform.io/hashicorp/aws\"]",
      "instances": [
        {
          "schema_version": 1,
          "attributes": {
            "actions_enabled": true,
            "alarm_actions": [],
            "alarm_description": "Alert when no ECS tasks are running",
            "alarm_name": "strapi-ecs-running-task-count-low",
            "arn": "arn:aws:cloudwatch:ap-south-1:301782007642:alarm:strapi-ecs-running-task-count-low",
            "comparison_operator": "LessThanThreshold",
            "datapoints_to_alarm": 0,
            "dimensions": {
              "ClusterName": "strapi-ecs-irfan-cluster",
              "ServiceName": "strapi-service"
            },
            "evaluate_low_sample_count_percentiles": "",
            "evaluation_periods": 1,
            "extended_statistic": "",
            "id": "strapi-ecs-running-task-count-low",
            "insufficient_data_actions": [],
            "metric_name": "RunningCount",
            "metric_query": [],
            "namespace": "AWS/ECS",
            "ok_actions": [],
            "period": 300,
            "region": "ap-south-1",
            "statistic": "Average",
            "tags": {
              "Name": "strapi-task-count-alarm"
            },
            "tags_all": {
              "Name": "strapi-task-count-alarm"
            },
            "threshold": 1,
            "threshold_metric_id": "",
            "treat_missing_data": "notBreaching",
            "unit": ""
          },
          "sensitive_attributes": [],
          "private": "eyJzY2hlbWFfdmVyc2lvbiI6IjEifQ==",
          "dependencies": [
            "aws_cloudwatch_log_group.strapi_ecs",
            "aws_db_instance.strapi_db",
            "aws_db_subnet_group.default",
            "aws_ecs_cluster.this",
            "aws_ecs_service.this",
            "aws_ecs_task_definition.this",
            "aws_iam_role.ecs_execution",
            "aws_iam_role.ecs_task",
            "aws_lb.strapi_alb",
            "aws_lb_listener.strapi_listener",
            "aws_lb_target_group.strapi_tg",
            "aws_security_group.alb_sg",
            "aws_security_group.ecs_sg",
            "aws_security_group.rds_sg",
            "data.aws_subnets.default_vpc_subnets",
            "data.aws_vpc.default"
          ]
        }
      ]
    },
    {
      "mode": "managed",
      "type": "aws_cloudwatch_metric_alarm",
      "name": "rds_connections_high",
      "provider": "provider[\"registry.terraform.io/hashicorp/aws\"]",
      "instances": [
        {
          "schema_version": 1,
          "attributes": {
            "actions_enabled": true,
            "alarm_actions": [],
            "alarm_description": "Alert when RDS database connections exceed 80",
            "alarm_name": "strapi-rds-database-connections-high",
            "arn": "arn:aws:cloudwatch:ap-south-1:301782007642:alarm:strapi-rds-database-connections-high",
            "comparison_operator": "GreaterThanThreshold",
            "datapoints_to_alarm": 0,
            "dimensions": {
              "DBInstanceIdentifier": "db-TCOEQ7UGUFE7YX566J4QWRBIWA"
            },
            "evaluate_low_sample_count_percentiles": "",
            "evaluation_periods": 2,
            "extended_statistic": "",
            "id": "strapi-rds-database-connections-high",
            "insufficient_data_actions": [],
            "metric_name": "DatabaseConnections",
            "metric_query": [],
            "namespace": "AWS/RDS",
            "ok_actions": [],
            "period": 300,
            "region": "ap-south-1",
            "statistic": "Average",
            "tags": {
              "Name": "strapi-rds-connections-alarm"
            },
            "tags_all": {
              "Name": "strapi-rds-connections-alarm"
            },
            "threshold": 80,
            "threshold_metric_id": "",
            "treat_missing_data": "notBreaching",
            "unit": ""
          },
          "sensitive_attributes": [],
          "private": "eyJzY2hlbWFfdmVyc2lvbiI6IjEifQ==",
          "dependencies": [
            "aws_db_instance.strapi_db",
            "aws_db_subnet_group.default",
            "aws_security_group.ecs_sg",
            "aws_security_group.rds_sg",
            "data.aws_subnets.default_vpc_subnets",
            "data.aws_vpc.default"
          ]
        }
      ]
    },
    {
      "mode": "managed",
      "type": "aws_cloudwatch_metric_alarm",
      "name": "rds_cpu_high",
      "provider": "provider[\"registry.terraform.io/hashicorp/aws\"]",
      "instances": [
        {
          "schema_version": 1,
          "attributes": {
            "actions_enabled": true,
            "alarm_actions": [],
            "alarm_description": "Alert when RDS database CPU exceeds 75%",
            "alarm_name": "strapi-rds-cpu-utilization-high",
            "arn": "arn:aws:cloudwatch:ap-south-1:301782007642:alarm:strapi-rds-cpu-utilization-high",
            "comparison_operator": "GreaterThanThreshold",
            "datapoints_to_alarm": 0,
            "dimensions": {
              "DBInstanceIdentifier": "db-TCOEQ7UGUFE7YX566J4QWRBIWA"
            },
            "evaluate_low_sample_count_percentiles": "",
            "evaluation_periods": 2,
            "extended_statistic": "",
            "id": "strapi-rds-cpu-utilization-high",
            "insufficient_data_actions": [],
            "metric_name": "CPUUtilization",
            "metric_query": [],
            "namespace": "AWS/RDS",
            "ok_actions": [],
            "period": 300,
            "region": "ap-south-1",
            "statistic": "Average",
            "tags": {
              "Name": "strapi-rds-cpu-alarm"
            },
            "tags_all": {
              "Name": "strapi-rds-cpu-alarm"
            },
            "threshold": 75,
            "threshold_metric_id": "",
            "treat_missing_data": "notBreaching",
            "unit": ""
          },
          "sensitive_attributes": [],
          "private": "eyJzY2hlbWFfdmVyc2lvbiI6IjEifQ==",
          "dependencies": [
            "aws_db_instance.strapi_db",
            "aws_db_subnet_group.default",
            "aws_security_group.ecs_sg",
            "aws_security_group.rds_sg",
            "data.aws_subnets.default_vpc_subnets",
            "data.aws_vpc.default"
          ]
        }
      ]
    },
    {
      "mode": "managed",
      "type": "aws_db_instance",
      "name": "strapi_db",
      "provider": "provider[\"registry.terraform.io/hashicorp/aws\"]",
      "instances": [
        {
          "schema_version": 2,
          "attributes": {
            "address": "strapidb-irfan-ap.cbowmc0uim96.ap-south-1.rds.amazonaws.com",
            "allocated_storage": 20,
            "allow_major_version_upgrade": null,
            "apply_immediately": false,
            "arn": "arn:aws:rds:ap-south-1:301782007642:db:strapidb-irfan-ap",
            "auto_minor_version_upgrade": true,
            "availability_zone": "ap-south-1a",
            "backup_retention_period": 0,
            "backup_target": "region",
            "backup_window": "20:01-20:31",
            "blue_green_update": [],
            "ca_cert_identifier": "rds-ca-rsa2048-g1",
            "character_set_name": "",
            "copy_tags_to_snapshot": false,
            "custom_iam_instance_profile": "",
            "customer_owned_ip_enabled": false,
            "database_insights_mode": "standard",
            "db_name": "strapidb",
            "db_subnet_group_name": "strapi-db-subnet-group-irfan-ap",
            "dedicated_log_volume": false,
            "delete_automated_backups": true,
            "deletion_protection": false,
            "domain": "",
            "domain_auth_secret_arn": "",
            "domain_dns_ips": [],
            "domain_fqdn": "",
            "domain_iam_role_name": "",
            "domain_ou": "",
            "enabled_cloudwatch_logs_exports": [],
            "endpoint": "strapidb-irfan-ap.cbowmc0uim96.ap-south-1.rds.amazonaws.com:5432",
            "engine": "postgres",
            "engine_lifecycle_support": "open-source-rds-extended-support",
            "engine_version": "14",
            "engine_version_actual": "14.19",
            "final_snapshot_identifier": null,
            "hosted_zone_id": "Z2VFMSZA74J7XZ",
            "iam_database_authentication_enabled": false,
            "id": "db-TCOEQ7UGUFE7YX566J4QWRBIWA",
            "identifier": "strapidb-irfan-ap",
            "identifier_prefix": "",
            "instance_class": "db.t3.micro",
            "iops": 0,
            "kms_key_id": "",
            "latest_restorable_time": "",
            "license_model": "postgresql-license",
            "listener_endpoint": [],
            "maintenance_window": "mon:11:23-mon:11:53",
            "manage_master_user_password": null,
            "master_user_secret": [],
            "master_user_secret_kms_key_id": null,
            "max_allocated_storage": 0,
            "monitoring_interval": 0,
            "monitoring_role_arn": "",
            "multi_az": false,
            "nchar_character_set_name": "",
            "network_type": "IPV4",
            "option_group_name": "default:postgres-14",
            "parameter_group_name": "default.postgres14",
            "password": "irfan123",
            "password_wo": null,
            "password_wo_version": null,
            "performance_insights_enabled": false,
            "performance_insights_kms_key_id": "",
            "performance_insights_retention_period": 0,
            "port": 5432,
            "publicly_accessible": false,
            "region": "ap-south-1",
            "replica_mode": "",
            "replicas": [],
            "replicate_source_db": "",
            "resource_id": "db-TCOEQ7UGUFE7YX566J4QWRBIWA",
            "restore_to_point_in_time": [],
            "s3_import": [],
            "skip_final_snapshot": true,
            "snapshot_identifier": null,
            "status": "available",
            "storage_encrypted": false,
            "storage_throughput": 0,
            "storage_type": "gp2",
            "tags": {
              "Name": "irfan-strapi-rds"
            },
            "tags_all": {
              "Name": "irfan-strapi-rds"
            },
            "timeouts": null,
            "timezone": "",
            "upgrade_rollout_order": "second",
            "upgrade_storage_config": null,
            "username": "strapiuser",
            "vpc_security_group_ids": [
              "sg-0d957603d23771564"
            ]
          },
          "sensitive_attributes": [],
          "private": "eyJlMmJmYjczMC1lY2FhLTExZTYtOGY4OC0zNDM2M2JjN2M0YzAiOnsiY3JlYXRlIjozMDAwMDAwMDAwMDAwLCJkZWxldGUiOjM2MDAwMDAwMDAwMDAsInVwZGF0ZSI6NDgwMDAwMDAwMDAwMH0sInNjaGVtYV92ZXJzaW9uIjoiMiJ9",
          "dependencies": [
            "aws_db_subnet_group.default",
            "aws_security_group.ecs_sg",
            "aws_security_group.rds_sg",
            "data.aws_subnets.default_vpc_subnets",
            "data.aws_vpc.default"
          ]
        }
      ]
    },
    {
      "mode": "managed",
      "type": "aws_db_subnet_group",
      "name": "default",
      "provider": "provider[\"registry.terraform.io/hashicorp/aws\"]",
      "instances": [
        {
          "schema_version": 0,
          "attributes": {
            "arn": "arn:aws:rds:ap-south-1:301782007642:subgrp:strapi-db-subnet-group-irfan-ap",
            "description": "Managed by Terraform",
            "id": "strapi-db-subnet-group-irfan-ap",
            "name": "strapi-db-subnet-group-irfan-ap",
            "name_prefix": "",
            "region": "ap-south-1",
            "subnet_ids": [
              "subnet-0342cfb028d6aff5a",
              "subnet-0b5f44f6a7c3f2a17",
              "subnet-0dcf98e23a5861550"
            ],
            "supported_network_types": [
              "IPV4"
            ],
            "tags": {
              "Name": "strapi-db-subnet-group-irfan"
            },
            "tags_all": {
              "Name": "strapi-db-subnet-group-irfan"
            },
            "vpc_id": "vpc-0a8a952bd82a9c081"
          },
          "sensitive_attributes": [],
          "private": "bnVsbA==",
          "dependencies": [
            "data.aws_subnets.default_vpc_subnets",
            "data.aws_vpc.default"
          ]
        }
      ]
    },
    {
      "mode": "managed",
      "type": "aws_ecs_cluster",
      "name": "this",
      "provider": "provider[\"registry.terraform.io/hashicorp/aws\"]",
      "instances": [
        {
          "schema_version": 0,
          "attributes": {
            "arn": "arn:aws:ecs:ap-south-1:301782007642:cluster/strapi-ecs-irfan-cluster",
            "configuration": [],
            "id": "arn:aws:ecs:ap-south-1:301782007642:cluster/strapi-ecs-irfan-cluster",
            "name": "strapi-ecs-irfan-cluster",
            "region": "ap-south-1",
            "service_connect_defaults": [],
            "setting": [
              {
                "name": "containerInsights",
                "value": "disabled"
              }
            ],
            "tags": {},
            "tags_all": {}
          },
          "sensitive_attributes": [],
          "private": "bnVsbA=="
        }
      ]
    },
    {
      "mode": "managed",
      "type": "aws_ecs_service",
      "name": "strapi",
      "provider": "provider[\"registry.terraform.io/hashicorp/aws\"]",
      "instances": [
        {
          "schema_version": 1,
          "attributes": {
            "alarms": [],
            "arn": "arn:aws:ecs:ap-south-1:301782007642:service/strapi-ecs-irfan-cluster/strapi-service",
            "availability_zone_rebalancing": "ENABLED",
            "capacity_provider_strategy": [],
            "cluster": "arn:aws:ecs:ap-south-1:301782007642:cluster/strapi-ecs-irfan-cluster",
            "deployment_circuit_breaker": [
              {
                "enable": false,
                "rollback": false
              }
            ],
            "deployment_configuration": [
              {
                "bake_time_in_minutes": "0",
                "canary_configuration": [],
                "lifecycle_hook": [],
                "linear_configuration": [],
                "strategy": "ROLLING"
              }
            ],
            "deployment_controller": [
              {
                "type": "ECS"
              }
            ],
            "deployment_maximum_percent": 200,
            "deployment_minimum_healthy_percent": 100,
            "desired_count": 1,
            "enable_ecs_managed_tags": false,
            "enable_execute_command": false,
            "force_delete": null,
            "force_new_deployment": null,
            "health_check_grace_period_seconds": 0,
            "iam_role": "/aws-service-role/ecs.amazonaws.com/AWSServiceRoleForECS",
            "id": "arn:aws:ecs:ap-south-1:301782007642:service/strapi-ecs-irfan-cluster/strapi-service",
            "launch_type": "FARGATE",
            "load_balancer": [],
            "name": "strapi-service",
            "network_configuration": [
              {
                "assign_public_ip": true,
                "security_groups": [
                  "sg-0defcd262a63b3e85"
                ],
                "subnets": [
                  "subnet-0342cfb028d6aff5a",
                  "subnet-0b5f44f6a7c3f2a17",
                  "subnet-0dcf98e23a5861550"
                ]
              }
            ],
            "ordered_placement_strategy": [],
            "placement_constraints": [],
            "platform_version": "LATEST",
            "propagate_tags": "NONE",
            "region": "ap-south-1",
            "scheduling_strategy": "REPLICA",
            "service_connect_configuration": [],
            "service_registries": [],
            "sigint_rollback": null,
            "tags": {},
            "tags_all": {},
            "task_definition": "strapi-task:11",
            "timeouts": null,
            "triggers": {},
            "volume_configuration": [],
            "vpc_lattice_configurations": [],
            "wait_for_steady_state": null
          },
          "sensitive_attributes": [],
          "private": "eyJlMmJmYjczMC1lY2FhLTExZTYtOGY4OC0zNDM2M2JjN2M0YzAiOnsiY3JlYXRlIjoxMjAwMDAwMDAwMDAwLCJkZWxldGUiOjEyMDAwMDAwMDAwMDAsInVwZGF0ZSI6MTIwMDAwMDAwMDAwMH0sInNjaGVtYV92ZXJzaW9uIjoiMSJ9"
        }
      ]
    },
    {
      "mode": "managed",
      "type": "aws_ecs_service",
      "name": "this",
      "provider": "provider[\"registry.terraform.io/hashicorp/aws\"]",
      "instances": [
        {
          "schema_version": 1,
          "attributes": {
            "alarms": [],
            "arn": "arn:aws:ecs:ap-south-1:301782007642:service/strapi-ecs-irfan-cluster/strapi-service",
            "availability_zone_rebalancing": "ENABLED",
            "capacity_provider_strategy": [],
            "cluster": "arn:aws:ecs:ap-south-1:301782007642:cluster/strapi-ecs-irfan-cluster",
            "deployment_circuit_breaker": [
              {
                "enable": false,
                "rollback": false
              }
            ],
            "deployment_configuration": [
              {
                "bake_time_in_minutes": "0",
                "canary_configuration": [],
                "lifecycle_hook": [],
                "linear_configuration": [],
                "strategy": "ROLLING"
              }
            ],
            "deployment_controller": [
              {
                "type": "ECS"
              }
            ],
            "deployment_maximum_percent": 200,
            "deployment_minimum_healthy_percent": 100,
            "desired_count": 1,
            "enable_ecs_managed_tags": false,
            "enable_execute_command": false,
            "force_delete": null,
            "force_new_deployment": null,
            "health_check_grace_period_seconds": 0,
            "iam_role": "/aws-service-role/ecs.amazonaws.com/AWSServiceRoleForECS",
            "id": "arn:aws:ecs:ap-south-1:301782007642:service/strapi-ecs-irfan-cluster/strapi-service",
            "launch_type": "FARGATE",
            "load_balancer": [],
            "name": "strapi-service",
            "network_configuration": [
              {
                "assign_public_ip": true,
                "security_groups": [
                  "sg-0defcd262a63b3e85"
                ],
                "subnets": [
                  "subnet-0342cfb028d6aff5a",
                  "subnet-0b5f44f6a7c3f2a17",
                  "subnet-0dcf98e23a5861550"
                ]
              }
            ],
            "ordered_placement_strategy": [],
            "placement_constraints": [],
            "platform_version": "LATEST",
            "propagate_tags": "NONE",
            "region": "ap-south-1",
            "scheduling_strategy": "REPLICA",
            "service_connect_configuration": [],
            "service_registries": [],
            "sigint_rollback": null,
            "tags": {},
            "tags_all": {},
            "task_definition": "arn:aws:ecs:ap-south-1:301782007642:task-definition/strapi-task:11",
            "timeouts": null,
            "triggers": {},
            "volume_configuration": [],
            "vpc_lattice_configurations": [],
            "wait_for_steady_state": false
          },
          "sensitive_attributes": [],
          "private": "eyJlMmJmYjczMC1lY2FhLTExZTYtOGY4OC0zNDM2M2JjN2M0YzAiOnsiY3JlYXRlIjoxMjAwMDAwMDAwMDAwLCJkZWxldGUiOjEyMDAwMDAwMDAwMDAsInVwZGF0ZSI6MTIwMDAwMDAwMDAwMH0sInNjaGVtYV92ZXJzaW9uIjoiMSJ9",
          "dependencies": [
            "aws_cloudwatch_log_group.strapi_ecs",
            "aws_db_instance.strapi_db",
            "aws_db_subnet_group.default",
            "aws_ecs_cluster.this",
            "aws_ecs_task_definition.this",
            "aws_iam_role.ecs_execution",
            "aws_iam_role.ecs_task",
            "aws_lb.strapi_alb",
            "aws_lb_listener.strapi_listener",
            "aws_lb_target_group.strapi_tg",
            "aws_security_group.alb_sg",
            "aws_security_group.ecs_sg",
            "aws_security_group.rds_sg",
            "data.aws_subnets.default_vpc_subnets",
            "data.aws_vpc.default"
          ]
        }
      ]
    },
    {
      "mode": "managed",
      "type": "aws_ecs_task_definition",
      "name": "this",
      "provider": "provider[\"registry.terraform.io/hashicorp/aws\"]",
      "instances": [
        {
          "schema_version": 1,
          "attributes": {
            "arn": "arn:aws:ecs:ap-south-1:301782007642:task-definition/strapi-task:11",
            "arn_without_revision": "arn:aws:ecs:ap-south-1:301782007642:task-definition/strapi-task",
            "container_definitions": "[{\"environment\":[{\"name\":\"ADMIN_JWT_SECRET\",\"value\":\"changeme-super-secret-admin-jwt\"},{\"name\":\"API_TOKEN_SALT\",\"value\":\"change-me-api-salt-123\"},{\"name\":\"APP_KEYS\",\"value\":\"key1,key2,key3\"},{\"name\":\"DATABASE_CLIENT\",\"value\":\"postgres\"},{\"name\":\"DATABASE_HOST\",\"value\":\"strapidb-irfan-ap.cbowmc0uim96.ap-south-1.rds.amazonaws.com\"},{\"name\":\"DATABASE_NAME\",\"value\":\"strapidb\"},{\"name\":\"DATABASE_PASSWORD\",\"value\":\"irfan123\"},{\"name\":\"DATABASE_PORT\",\"value\":\"5432\"},{\"name\":\"DATABASE_USERNAME\",\"value\":\"strapiuser\"},{\"name\":\"ENCRYPTION_KEY\",\"value\":\"change-me-encryption-key-789\"},{\"name\":\"NODE_ENV\",\"value\":\"development\"},{\"name\":\"STRAPI_DISABLE_ADMIN\",\"value\":\"false\"},{\"name\":\"TRANSFER_TOKEN_SALT\",\"value\":\"change-me-transfer-salt-456\"}],\"essential\":true,\"image\":\"301782007642.dkr.ecr.ap-south-1.amazonaws.com/irfan-strapi-image:latest\",\"logConfiguration\":{\"logDriver\":\"awslogs\",\"options\":{\"awslogs-region\":\"ap-south-1\",\"awslogs-stream-prefix\":\"ecs/strapi\",\"awslogs-group\":\"/ecs/strapi\"}},\"mountPoints\":[],\"name\":\"strapi\",\"portMappings\":[{\"containerPort\":1337,\"hostPort\":1337,\"protocol\":\"tcp\"}],\"systemControls\":[],\"volumesFrom\":[]}]",
            "cpu": "512",
            "enable_fault_injection": false,
            "ephemeral_storage": [],
            "execution_role_arn": "arn:aws:iam::301782007642:role/ecsTaskExecutionRole-strapi-irfan",
            "family": "strapi-task",
            "id": "strapi-task",
            "ipc_mode": "",
            "memory": "1024",
            "network_mode": "awsvpc",
            "pid_mode": "",
            "placement_constraints": [],
            "proxy_configuration": [],
            "region": "ap-south-1",
            "requires_compatibilities": [
              "FARGATE"
            ],
            "revision": 11,
            "runtime_platform": [],
            "skip_destroy": false,
            "tags": {},
            "tags_all": {},
            "task_role_arn": "arn:aws:iam::301782007642:role/ecsTaskRole-strapi-irfan",
            "track_latest": false,
            "volume": []
          },
          "sensitive_attributes": [],
          "private": "eyJzY2hlbWFfdmVyc2lvbiI6IjEifQ==",
          "dependencies": [
            "aws_cloudwatch_log_group.strapi_ecs",
            "aws_db_instance.strapi_db",
            "aws_db_subnet_group.default",
            "aws_iam_role.ecs_execution",
            "aws_iam_role.ecs_task",
            "aws_security_group.ecs_sg",
            "aws_security_group.rds_sg",
            "data.aws_subnets.default_vpc_subnets",
            "data.aws_vpc.default"
          ]
        }
      ]
    },
    {
      "mode": "managed",
      "type": "aws_iam_role",
      "name": "ecs_execution",
      "provider": "provider[\"registry.terraform.io/hashicorp/aws\"]",
      "instances": [
        {
          "schema_version": 0,
          "attributes": {
            "arn": "arn:aws:iam::301782007642:role/ecsTaskExecutionRole-strapi-irfan",
            "assume_role_policy": "{\"Statement\":[{\"Action\":\"sts:AssumeRole\",\"Effect\":\"Allow\",\"Principal\":{\"Service\":\"ecs-tasks.amazonaws.com\"}}],\"Version\":\"2012-10-17\"}",
            "create_date": "2025-12-16T05:34:42Z",
            "description": "",
            "force_detach_policies": false,
            "id": "ecsTaskExecutionRole-strapi-irfan",
            "inline_policy": [
              {
                "name": "ecs-execution-cloudwatch-logs-policy",
                "policy": "{\"Version\":\"2012-10-17\",\"Statement\":[{\"Action\":[\"logs:CreateLogStream\",\"logs:PutLogEvents\",\"logs:CreateLogGroup\"],\"Effect\":\"Allow\",\"Resource\":\"arn:aws:logs:*:*:*\"},{\"Action\":[\"ecr:GetAuthorizationToken\"],\"Effect\":\"Allow\",\"Resource\":\"*\"}]}"
              }
            ],
            "managed_policy_arns": [
              "arn:aws:iam::aws:policy/service-role/AmazonECSTaskExecutionRolePolicy"
            ],
            "max_session_duration": 3600,
            "name": "ecsTaskExecutionRole-strapi-irfan",
            "name_prefix": "",
            "path": "/",
            "permissions_boundary": "",
            "tags": {},
            "tags_all": {},
            "unique_id": "AROAUMQ4375NLV3YHUELD"
          },
          "sensitive_attributes": [],
          "private": "bnVsbA=="
        }
      ]
    },
    {
      "mode": "managed",
      "type": "aws_iam_role",
      "name": "ecs_task",
      "provider": "provider[\"registry.terraform.io/hashicorp/aws\"]",
      "instances": [
        {
          "schema_version": 0,
          "attributes": {
            "arn": "arn:aws:iam::301782007642:role/ecsTaskRole-strapi-irfan",
            "assume_role_policy": "{\"Statement\":[{\"Action\":\"sts:AssumeRole\",\"Effect\":\"Allow\",\"Principal\":{\"Service\":\"ecs-tasks.amazonaws.com\"}}],\"Version\":\"2012-10-17\"}",
            "create_date": "2025-12-16T05:34:42Z",
            "description": "",
            "force_detach_policies": false,
            "id": "ecsTaskRole-strapi-irfan",
            "inline_policy": [],
            "managed_policy_arns": [],
            "max_session_duration": 3600,
            "name": "ecsTaskRole-strapi-irfan",
            "name_prefix": "",
            "path": "/",
            "permissions_boundary": "",
            "tags": {},
            "tags_all": {},
            "unique_id": "AROAUMQ4375NAH7PRPVMD"
          },
          "sensitive_attributes": [],
          "private": "bnVsbA=="
        }
      ]
    },
    {
      "mode": "managed",
      "type": "aws_iam_role_policy",
      "name": "ecs_execution_cloudwatch_logs",
      "provider": "provider[\"registry.terraform.io/hashicorp/aws\"]",
      "instances": [
        {
          "schema_version": 0,
          "attributes": {
            "id": "ecsTaskExecutionRole-strapi-irfan:ecs-execution-cloudwatch-logs-policy",
            "name": "ecs-execution-cloudwatch-logs-policy",
            "name_prefix": "",
            "policy": "{\"Version\":\"2012-10-17\",\"Statement\":[{\"Action\":[\"logs:CreateLogStream\",\"logs:PutLogEvents\",\"logs:CreateLogGroup\"],\"Effect\":\"Allow\",\"Resource\":\"arn:aws:logs:*:*:*\"},{\"Action\":[\"ecr:GetAuthorizationToken\"],\"Effect\":\"Allow\",\"Resource\":\"*\"}]}",
            "role": "ecsTaskExecutionRole-strapi-irfan"
          },
          "sensitive_attributes": [],
          "private": "bnVsbA==",
          "dependencies": [
            "aws_iam_role.ecs_execution"
          ]
        }
      ]
    },
    {
      "mode": "managed",
      "type": "aws_iam_role_policy_attachment",
      "name": "ecs_execution_policy",
      "provider": "provider[\"registry.terraform.io/hashicorp/aws\"]",
      "instances": [
        {
          "schema_version": 0,
          "attributes": {
            "id": "ecsTaskExecutionRole-strapi-irfan/arn:aws:iam::aws:policy/service-role/AmazonECSTaskExecutionRolePolicy",
            "policy_arn": "arn:aws:iam::aws:policy/service-role/AmazonECSTaskExecutionRolePolicy",
            "role": "ecsTaskExecutionRole-strapi-irfan"
          },
          "sensitive_attributes": [],
          "private": "bnVsbA==",
          "dependencies": [
            "aws_iam_role.ecs_execution"
          ]
        }
      ]
    },
    {
      "mode": "managed",
      "type": "aws_lb_target_group",
      "name": "strapi_tg",
      "provider": "provider[\"registry.terraform.io/hashicorp/aws\"]",
      "instances": [
        {
          "status": "tainted",
          "schema_version": 0,
          "attributes": {
            "arn": null,
            "arn_suffix": null,
            "connection_termination": null,
            "deregistration_delay": "300",
            "health_check": [
              {
                "enabled": true,
                "healthy_threshold": 2,
                "interval": 30,
                "matcher": "200-399",
                "path": "/admin",
                "port": "traffic-port",
                "protocol": "HTTP",
                "timeout": 3,
                "unhealthy_threshold": 2
              }
            ],
            "id": "arn:aws:elasticloadbalancing:ap-south-1:301782007642:targetgroup/strapi-tg-irfan/5b9f4bfdaa2763b7",
            "ip_address_type": null,
            "lambda_multi_value_headers_enabled": false,
            "load_balancer_arns": [],
            "load_balancing_algorithm_type": null,
            "load_balancing_anomaly_mitigation": null,
            "load_balancing_cross_zone_enabled": null,
            "name": "strapi-tg-irfan",
            "name_prefix": null,
            "port": 1337,
            "preserve_client_ip": null,
            "protocol": "HTTP",
            "protocol_version": null,
            "proxy_protocol_v2": false,
            "region": "ap-south-1",
            "slow_start": 0,
            "stickiness": [],
            "tags": null,
            "tags_all": null,
            "target_control_port": null,
            "target_failover": [],
            "target_group_health": [],
            "target_health_state": [],
            "target_type": "ip",
            "vpc_id": "vpc-0a8a952bd82a9c081"
          },
          "sensitive_attributes": [],
          "private": "bnVsbA==",
          "dependencies": [
            "data.aws_vpc.default"
          ]
        }
      ]
    },
    {
      "mode": "managed",
      "type": "aws_security_group",
      "name": "alb_sg",
      "provider": "provider[\"registry.terraform.io/hashicorp/aws\"]",
      "instances": [
        {
          "schema_version": 1,
          "attributes": {
            "arn": "arn:aws:ec2:ap-south-1:301782007642:security-group/sg-0defcd262a63b3e85",
            "description": "Allow Strapi traffic to ECS tasks",
            "egress": [
              {
                "cidr_blocks": [
                  "0.0.0.0/0"
                ],
                "description": "",
                "from_port": 0,
                "ipv6_cidr_blocks": [],
                "prefix_list_ids": [],
                "protocol": "-1",
                "security_groups": [],
                "self": false,
                "to_port": 0
              }
            ],
            "id": "sg-0defcd262a63b3e85",
            "ingress": [
              {
                "cidr_blocks": [
                  "0.0.0.0/0"
                ],
                "description": "Strapi HTTP",
                "from_port": 1337,
                "ipv6_cidr_blocks": [],
                "prefix_list_ids": [],
                "protocol": "tcp",
                "security_groups": [],
                "self": false,
                "to_port": 1337
              }
            ],
            "name": "strapi-ecs-sg-ap",
            "name_prefix": "",
            "owner_id": "301782007642",
            "region": "ap-south-1",
            "revoke_rules_on_delete": null,
            "tags": {
              "Name": "strapi-ecs-sg"
            },
            "tags_all": {
              "Name": "strapi-ecs-sg"
            },
            "timeouts": null,
            "vpc_id": "vpc-0a8a952bd82a9c081"
          },
          "sensitive_attributes": [],
          "private": "eyJlMmJmYjczMC1lY2FhLTExZTYtOGY4OC0zNDM2M2JjN2M0YzAiOnsiY3JlYXRlIjo2MDAwMDAwMDAwMDAsImRlbGV0ZSI6OTAwMDAwMDAwMDAwfSwic2NoZW1hX3ZlcnNpb24iOiIxIn0=",
          "dependencies": [
            "data.aws_vpc.default"
          ]
        }
      ]
    },
    {
      "mode": "managed",
      "type": "aws_security_group",
      "name": "ecs_sg",
      "provider": "provider[\"registry.terraform.io/hashicorp/aws\"]",
      "instances": [
        {
          "schema_version": 1,
          "attributes": {
            "arn": "arn:aws:ec2:ap-south-1:301782007642:security-group/sg-0defcd262a63b3e85",
            "description": "Allow Strapi traffic to ECS tasks",
            "egress": [
              {
                "cidr_blocks": [
                  "0.0.0.0/0"
                ],
                "description": "",
                "from_port": 0,
                "ipv6_cidr_blocks": [],
                "prefix_list_ids": [],
                "protocol": "-1",
                "security_groups": [],
                "self": false,
                "to_port": 0
              }
            ],
            "id": "sg-0defcd262a63b3e85",
            "ingress": [
              {
                "cidr_blocks": [
                  "0.0.0.0/0"
                ],
                "description": "Strapi HTTP",
                "from_port": 1337,
                "ipv6_cidr_blocks": [],
                "prefix_list_ids": [],
                "protocol": "tcp",
                "security_groups": [],
                "self": false,
                "to_port": 1337
              }
            ],
            "name": "strapi-ecs-sg-ap",
            "name_prefix": "",
            "owner_id": "301782007642",
            "region": "ap-south-1",
            "revoke_rules_on_delete": false,
            "tags": {
              "Name": "strapi-ecs-sg"
            },
            "tags_all": {
              "Name": "strapi-ecs-sg"
            },
            "timeouts": null,
            "vpc_id": "vpc-0a8a952bd82a9c081"
          },
          "sensitive_attributes": [],
          "private": "eyJlMmJmYjczMC1lY2FhLTExZTYtOGY4OC0zNDM2M2JjN2M0YzAiOnsiY3JlYXRlIjo2MDAwMDAwMDAwMDAsImRlbGV0ZSI6OTAwMDAwMDAwMDAwfSwic2NoZW1hX3ZlcnNpb24iOiIxIn0=",
          "dependencies": [
            "data.aws_vpc.default"
          ]
        }
      ]
    },
    {
      "mode": "managed",
      "type": "aws_security_group",
      "name": "rds_sg",
      "provider": "provider[\"registry.terraform.io/hashicorp/aws\"]",
      "instances": [
        {
          "schema_version": 1,
          "attributes": {
            "arn": "arn:aws:ec2:ap-south-1:301782007642:security-group/sg-0d957603d23771564",
            "description": "Allow DB access from Strapi EC2",
            "egress": [
              {
                "cidr_blocks": [
                  "0.0.0.0/0"
                ],
                "description": "",
                "from_port": 0,
                "ipv6_cidr_blocks": [],
                "prefix_list_ids": [],
                "protocol": "-1",
                "security_groups": [],
                "self": false,
                "to_port": 0
              }
            ],
            "id": "sg-0d957603d23771564",
            "ingress": [
              {
                "cidr_blocks": [],
                "description": "Postgres from strapi",
                "from_port": 5432,
                "ipv6_cidr_blocks": [],
                "prefix_list_ids": [],
                "protocol": "tcp",
                "security_groups": [
                  "sg-0defcd262a63b3e85"
                ],
                "self": false,
                "to_port": 5432
              }
            ],
            "name": "irfan-rds-sg-ap",
            "name_prefix": "",
            "owner_id": "301782007642",
            "region": "ap-south-1",
            "revoke_rules_on_delete": false,
            "tags": {
              "Name": "irfan-rds-sg"
            },
            "tags_all": {
              "Name": "irfan-rds-sg"
            },
            "timeouts": null,
            "vpc_id": "vpc-0a8a952bd82a9c081"
          },
          "sensitive_attributes": [],
          "private": "eyJlMmJmYjczMC1lY2FhLTExZTYtOGY4OC0zNDM2M2JjN2M0YzAiOnsiY3JlYXRlIjo2MDAwMDAwMDAwMDAsImRlbGV0ZSI6OTAwMDAwMDAwMDAwfSwic2NoZW1hX3ZlcnNpb24iOiIxIn0=",
          "dependencies": [
            "aws_security_group.ecs_sg",
            "data.aws_vpc.default"
          ]
        }
      ]
    }
  ],
  "check_results": null
}
