{
  "version": 4,
  "terraform_version": "1.5.7",
  "serial": 203,
  "lineage": "c1ca1018-4c41-3b9f-09f0-890f21711cb5",
  "outputs": {
    "alb_arn": {
      "value": "arn:aws:elasticloadbalancing:ap-south-1:301782007642:loadbalancer/app/strapi-alb-irfan/509d2add101e0732",
      "type": "string"
    },
    "alb_dns_name": {
      "value": "strapi-alb-irfan-1870158425.ap-south-1.elb.amazonaws.com",
      "type": "string"
    },
    "alb_url": {
      "value": "http://strapi-alb-irfan-1870158425.ap-south-1.elb.amazonaws.com",
      "type": "string"
    },
    "blue_target_group_arn": {
      "value": "arn:aws:elasticloadbalancing:ap-south-1:301782007642:targetgroup/strapi-tg-blue-irfan/bce567fb5443f6f4",
      "type": "string"
    },
    "cloudwatch_alarms": {
      "value": {
        "cpu_high": "strapi-ecs-cpu-utilization-high",
        "memory_high": "strapi-ecs-memory-utilization-high",
        "rds_connections_high": "strapi-rds-database-connections-high",
        "rds_cpu_high": "strapi-rds-cpu-utilization-high",
        "task_count_low": "strapi-ecs-running-task-count-low"
      },
      "type": [
        "object",
        {
          "cpu_high": "string",
          "memory_high": "string",
          "rds_connections_high": "string",
          "rds_cpu_high": "string",
          "task_count_low": "string"
        }
      ]
    },
    "cloudwatch_dashboard_url": {
      "value": "https://console.aws.amazon.com/cloudwatch/home?region=ap-south-1#dashboards:name=strapi-application-monitoring",
      "type": "string"
    },
    "cloudwatch_log_group_name": {
      "value": "/ecs/strapi",
      "type": "string"
    },
    "codedeploy_app_name": {
      "value": "strapi-ecs-app-irfan",
      "type": "string"
    },
    "codedeploy_deployment_group_name": {
      "value": "strapi-deployment-group-irfan",
      "type": "string"
    },
    "codedeploy_role_arn": {
      "value": "arn:aws:iam::301782007642:role/codedeploy-ecs-role-irfan",
      "type": "string"
    },
    "deployment_info": {
      "value": {
        "alb_dns": "strapi-alb-irfan-1870158425.ap-south-1.elb.amazonaws.com",
        "blue_target_group": "strapi-tg-blue-irfan",
        "cluster_name": "strapi-ecs-irfan-cluster",
        "codedeploy_app": "strapi-ecs-app-irfan",
        "deployment_group": "strapi-deployment-group-irfan",
        "deployment_strategy": "CodeDeployDefault.ECSCanary10Percent5Minutes",
        "green_target_group": "strapi-tg-green-irfan",
        "production_listener": "Port 80",
        "service_name": "strapi-service",
        "test_listener": "Port 8080"
      },
      "type": [
        "object",
        {
          "alb_dns": "string",
          "blue_target_group": "string",
          "cluster_name": "string",
          "codedeploy_app": "string",
          "deployment_group": "string",
          "deployment_strategy": "string",
          "green_target_group": "string",
          "production_listener": "string",
          "service_name": "string",
          "test_listener": "string"
        }
      ]
    },
    "ecs_cluster_name": {
      "value": "strapi-ecs-irfan-cluster",
      "type": "string"
    },
    "ecs_service_name": {
      "value": "strapi-service",
      "type": "string"
    },
    "green_target_group_arn": {
      "value": "arn:aws:elasticloadbalancing:ap-south-1:301782007642:targetgroup/strapi-tg-green-irfan/84b74c00fde1f3d0",
      "type": "string"
    },
    "rds_endpoint": {
      "value": "strapidb-irfan-ap.cbowmc0uim96.ap-south-1.rds.amazonaws.com",
      "type": "string"
    },
    "task_definition_arn": {
      "value": "arn:aws:ecs:ap-south-1:301782007642:task-definition/strapi-task:81",
      "type": "string"
    },
    "task_definition_family": {
      "value": "strapi-task",
      "type": "string"
    }
  },
  "resources": [
    {
      "mode": "data",
      "type": "aws_subnet",
      "name": "selected",
      "provider": "provider[\"registry.terraform.io/hashicorp/aws\"]",
      "instances": [
        {
          "index_key": "subnet-0342cfb028d6aff5a",
          "schema_version": 0,
          "attributes": {
            "arn": "arn:aws:ec2:ap-south-1:301782007642:subnet/subnet-0342cfb028d6aff5a",
            "assign_ipv6_address_on_creation": false,
            "availability_zone": "ap-south-1c",
            "availability_zone_id": "aps1-az2",
            "available_ip_address_count": 4083,
            "cidr_block": "172.31.16.0/20",
            "customer_owned_ipv4_pool": "",
            "default_for_az": true,
            "enable_dns64": false,
            "enable_lni_at_device_index": 0,
            "enable_resource_name_dns_a_record_on_launch": false,
            "enable_resource_name_dns_aaaa_record_on_launch": false,
            "filter": null,
            "id": "subnet-0342cfb028d6aff5a",
            "ipv6_cidr_block": "",
            "ipv6_cidr_block_association_id": "",
            "ipv6_native": false,
            "map_customer_owned_ip_on_launch": false,
            "map_public_ip_on_launch": true,
            "outpost_arn": "",
            "owner_id": "301782007642",
            "private_dns_hostname_type_on_launch": "ip-name",
            "region": "ap-south-1",
            "state": "available",
            "tags": {},
            "timeouts": null,
            "vpc_id": "vpc-0a8a952bd82a9c081"
          },
          "sensitive_attributes": []
        },
        {
          "index_key": "subnet-0b5f44f6a7c3f2a17",
          "schema_version": 0,
          "attributes": {
            "arn": "arn:aws:ec2:ap-south-1:301782007642:subnet/subnet-0b5f44f6a7c3f2a17",
            "assign_ipv6_address_on_creation": false,
            "availability_zone": "ap-south-1a",
            "availability_zone_id": "aps1-az1",
            "available_ip_address_count": 4084,
            "cidr_block": "172.31.32.0/20",
            "customer_owned_ipv4_pool": "",
            "default_for_az": true,
            "enable_dns64": false,
            "enable_lni_at_device_index": 0,
            "enable_resource_name_dns_a_record_on_launch": false,
            "enable_resource_name_dns_aaaa_record_on_launch": false,
            "filter": null,
            "id": "subnet-0b5f44f6a7c3f2a17",
            "ipv6_cidr_block": "",
            "ipv6_cidr_block_association_id": "",
            "ipv6_native": false,
            "map_customer_owned_ip_on_launch": false,
            "map_public_ip_on_launch": true,
            "outpost_arn": "",
            "owner_id": "301782007642",
            "private_dns_hostname_type_on_launch": "ip-name",
            "region": "ap-south-1",
            "state": "available",
            "tags": {},
            "timeouts": null,
            "vpc_id": "vpc-0a8a952bd82a9c081"
          },
          "sensitive_attributes": []
        },
        {
          "index_key": "subnet-0bbac2221b29ffa27",
          "schema_version": 0,
          "attributes": {
            "arn": "arn:aws:ec2:ap-south-1:301782007642:subnet/subnet-0bbac2221b29ffa27",
            "assign_ipv6_address_on_creation": false,
            "availability_zone": "ap-south-1b",
            "availability_zone_id": "aps1-az3",
            "available_ip_address_count": 248,
            "cidr_block": "172.31.220.0/24",
            "customer_owned_ipv4_pool": "",
            "default_for_az": false,
            "enable_dns64": false,
            "enable_lni_at_device_index": 0,
            "enable_resource_name_dns_a_record_on_launch": false,
            "enable_resource_name_dns_aaaa_record_on_launch": false,
            "filter": null,
            "id": "subnet-0bbac2221b29ffa27",
            "ipv6_cidr_block": "",
            "ipv6_cidr_block_association_id": "",
            "ipv6_native": false,
            "map_customer_owned_ip_on_launch": false,
            "map_public_ip_on_launch": false,
            "outpost_arn": "",
            "owner_id": "301782007642",
            "private_dns_hostname_type_on_launch": "ip-name",
            "region": "ap-south-1",
            "state": "available",
            "tags": {
              "Name": "pratyush-private-1b",
              "Owner": "pratyush"
            },
            "timeouts": null,
            "vpc_id": "vpc-0a8a952bd82a9c081"
          },
          "sensitive_attributes": []
        },
        {
          "index_key": "subnet-0dcf98e23a5861550",
          "schema_version": 0,
          "attributes": {
            "arn": "arn:aws:ec2:ap-south-1:301782007642:subnet/subnet-0dcf98e23a5861550",
            "assign_ipv6_address_on_creation": false,
            "availability_zone": "ap-south-1b",
            "availability_zone_id": "aps1-az3",
            "available_ip_address_count": 4082,
            "cidr_block": "172.31.0.0/20",
            "customer_owned_ipv4_pool": "",
            "default_for_az": true,
            "enable_dns64": false,
            "enable_lni_at_device_index": 0,
            "enable_resource_name_dns_a_record_on_launch": false,
            "enable_resource_name_dns_aaaa_record_on_launch": false,
            "filter": null,
            "id": "subnet-0dcf98e23a5861550",
            "ipv6_cidr_block": "",
            "ipv6_cidr_block_association_id": "",
            "ipv6_native": false,
            "map_customer_owned_ip_on_launch": false,
            "map_public_ip_on_launch": true,
            "outpost_arn": "",
            "owner_id": "301782007642",
            "private_dns_hostname_type_on_launch": "ip-name",
            "region": "ap-south-1",
            "state": "available",
            "tags": {},
            "timeouts": null,
            "vpc_id": "vpc-0a8a952bd82a9c081"
          },
          "sensitive_attributes": []
        }
      ]
    },
    {
      "mode": "data",
      "type": "aws_subnets",
      "name": "default_vpc_subnets",
      "provider": "provider[\"registry.terraform.io/hashicorp/aws\"]",
      "instances": [
        {
          "schema_version": 0,
          "attributes": {
            "filter": [
              {
                "name": "vpc-id",
                "values": [
                  "vpc-0a8a952bd82a9c081"
                ]
              }
            ],
            "id": "ap-south-1",
            "ids": [
              "subnet-0dcf98e23a5861550",
              "subnet-0342cfb028d6aff5a",
              "subnet-0bbac2221b29ffa27",
              "subnet-0b5f44f6a7c3f2a17"
            ],
            "region": "ap-south-1",
            "tags": null,
            "timeouts": null
          },
          "sensitive_attributes": []
        }
      ]
    },
    {
      "mode": "data",
      "type": "aws_vpc",
      "name": "default",
      "provider": "provider[\"registry.terraform.io/hashicorp/aws\"]",
      "instances": [
        {
          "schema_version": 0,
          "attributes": {
            "arn": "arn:aws:ec2:ap-south-1:301782007642:vpc/vpc-0a8a952bd82a9c081",
            "cidr_block": "172.31.0.0/16",
            "cidr_block_associations": [
              {
                "association_id": "vpc-cidr-assoc-097b1ca05794939fa",
                "cidr_block": "172.31.0.0/16",
                "state": "associated"
              }
            ],
            "default": true,
            "dhcp_options_id": "dopt-0aa0b951be62c2363",
            "enable_dns_hostnames": true,
            "enable_dns_support": true,
            "enable_network_address_usage_metrics": false,
            "filter": null,
            "id": "vpc-0a8a952bd82a9c081",
            "instance_tenancy": "default",
            "ipv6_association_id": "",
            "ipv6_cidr_block": "",
            "main_route_table_id": "rtb-0a461c6375ab308d3",
            "owner_id": "301782007642",
            "region": "ap-south-1",
            "state": null,
            "tags": {},
            "timeouts": null
          },
          "sensitive_attributes": []
        }
      ]
    },
    {
      "mode": "managed",
      "type": "aws_cloudwatch_dashboard",
      "name": "strapi_main",
      "provider": "provider[\"registry.terraform.io/hashicorp/aws\"]",
      "instances": [
        {
          "schema_version": 0,
          "attributes": {
            "dashboard_arn": "arn:aws:cloudwatch::301782007642:dashboard/strapi-application-monitoring",
            "dashboard_body": "{\"widgets\":[{\"height\":6,\"properties\":{\"metrics\":[[\"AWS/ECS\",\"CPUUtilization\",\"ClusterName\",\"strapi-ecs-irfan-cluster\",\"ServiceName\",\"strapi-service\",{\"label\":\"ECS CPU %\"}],[\"AWS/ECS\",\"MemoryUtilization\",\"ClusterName\",\"strapi-ecs-irfan-cluster\",\"ServiceName\",\"strapi-service\",{\"label\":\"ECS Memory %\"}]],\"period\":300,\"region\":\"ap-south-1\",\"stat\":\"Average\",\"title\":\"ECS Task Metrics\",\"yAxis\":{\"left\":{\"max\":100,\"min\":0}}},\"type\":\"metric\",\"width\":6,\"x\":0,\"y\":0},{\"height\":6,\"properties\":{\"metrics\":[[\"AWS/RDS\",\"CPUUtilization\",\"DBInstanceIdentifier\",\"strapidb-irfan-ap\",{\"label\":\"RDS CPU %\"}],[\"AWS/RDS\",\"DatabaseConnections\",\"DBInstanceIdentifier\",\"strapidb-irfan-ap\",{\"label\":\"DB Connections\"}],[\"AWS/RDS\",\"DiskQueueDepth\",\"DBInstanceIdentifier\",\"strapidb-irfan-ap\",{\"label\":\"Disk Queue Depth\"}]],\"period\":300,\"region\":\"ap-south-1\",\"stat\":\"Average\",\"title\":\"RDS Database Metrics\",\"yAxis\":{\"left\":{\"min\":0}}},\"type\":\"metric\",\"width\":6,\"x\":6,\"y\":0},{\"height\":6,\"properties\":{\"metrics\":[[\"AWS/ApplicationELB\",\"RequestCount\",\"LoadBalancer\",\"app/strapi-alb-irfan/509d2add101e0732\",{\"label\":\"Request Count\",\"stat\":\"Sum\"}],[\"AWS/ApplicationELB\",\"HTTPCode_Target_2XX_Count\",\"LoadBalancer\",\"app/strapi-alb-irfan/509d2add101e0732\",{\"label\":\"2XX Responses\",\"stat\":\"Sum\"}]],\"period\":300,\"region\":\"ap-south-1\",\"stat\":\"Sum\",\"title\":\"ALB Traffic\",\"yAxis\":{\"left\":{\"min\":0}}},\"type\":\"metric\",\"width\":6,\"x\":12,\"y\":0},{\"height\":6,\"properties\":{\"metrics\":[[\"ECS/ContainerInsights\",\"DesiredTaskCount\",\"ClusterName\",\"strapi-ecs-irfan-cluster\",\"ServiceName\",\"strapi-service\",{\"label\":\"Desired Tasks\"}],[\"ECS/ContainerInsights\",\"RunningTaskCount\",\"ClusterName\",\"strapi-ecs-irfan-cluster\",\"ServiceName\",\"strapi-service\",{\"label\":\"Running Tasks\"}]],\"period\":300,\"region\":\"ap-south-1\",\"stat\":\"Average\",\"title\":\"Task Deployment Status\",\"yAxis\":{\"left\":{\"min\":0}}},\"type\":\"metric\",\"width\":6,\"x\":18,\"y\":0}]}",
            "dashboard_name": "strapi-application-monitoring",
            "id": "strapi-application-monitoring",
            "region": "ap-south-1"
          },
          "sensitive_attributes": [],
          "private": "bnVsbA==",
          "dependencies": [
            "aws_db_instance.strapi_db",
            "aws_ecs_cluster.this",
            "aws_ecs_service.strapi",
            "aws_lb.strapi"
          ]
        }
      ]
    },
    {
      "mode": "managed",
      "type": "aws_cloudwatch_dashboard",
      "name": "strapi_performance",
      "provider": "provider[\"registry.terraform.io/hashicorp/aws\"]",
      "instances": [
        {
          "schema_version": 0,
          "attributes": {
            "dashboard_arn": "arn:aws:cloudwatch::301782007642:dashboard/strapi-performance-monitoring",
            "dashboard_body": "{\"widgets\":[{\"height\":6,\"properties\":{\"metrics\":[[\"AWS/ECS\",\"CPUUtilization\",\"ClusterName\",\"strapi-ecs-irfan-cluster\",\"ServiceName\",\"strapi-service\",{\"label\":\"Peak CPU\",\"stat\":\"Maximum\"}],[\"AWS/ECS\",\"CPUUtilization\",\"ClusterName\",\"strapi-ecs-irfan-cluster\",\"ServiceName\",\"strapi-service\",{\"label\":\"Min CPU\",\"stat\":\"Minimum\"}],[\"AWS/ECS\",\"CPUUtilization\",\"ClusterName\",\"strapi-ecs-irfan-cluster\",\"ServiceName\",\"strapi-service\",{\"label\":\"Avg CPU\",\"stat\":\"Average\"}]],\"period\":60,\"region\":\"ap-south-1\",\"title\":\"CPU Utilization Trends\",\"yAxis\":{\"left\":{\"max\":100,\"min\":0}}},\"type\":\"metric\",\"width\":12,\"x\":0,\"y\":0},{\"height\":6,\"properties\":{\"metrics\":[[\"AWS/ECS\",\"MemoryUtilization\",\"ClusterName\",\"strapi-ecs-irfan-cluster\",\"ServiceName\",\"strapi-service\",{\"label\":\"Peak Memory\",\"stat\":\"Maximum\"}],[\"AWS/ECS\",\"MemoryUtilization\",\"ClusterName\",\"strapi-ecs-irfan-cluster\",\"ServiceName\",\"strapi-service\",{\"label\":\"Min Memory\",\"stat\":\"Minimum\"}],[\"AWS/ECS\",\"MemoryUtilization\",\"ClusterName\",\"strapi-ecs-irfan-cluster\",\"ServiceName\",\"strapi-service\",{\"label\":\"Avg Memory\",\"stat\":\"Average\"}]],\"period\":60,\"region\":\"ap-south-1\",\"title\":\"Memory Utilization Trends\",\"yAxis\":{\"left\":{\"max\":100,\"min\":0}}},\"type\":\"metric\",\"width\":12,\"x\":12,\"y\":0},{\"height\":6,\"properties\":{\"metrics\":[[\"AWS/ApplicationELB\",\"TargetResponseTime\",\"LoadBalancer\",\"app/strapi-alb-irfan/509d2add101e0732\",\"TargetGroup\",\"targetgroup/strapi-tg-blue-irfan/bce567fb5443f6f4\",{\"label\":\"Blue Avg Response\",\"stat\":\"Average\"}],[\"AWS/ApplicationELB\",\"TargetResponseTime\",\"LoadBalancer\",\"app/strapi-alb-irfan/509d2add101e0732\",\"TargetGroup\",\"targetgroup/strapi-tg-green-irfan/84b74c00fde1f3d0\",{\"label\":\"Green Avg Response\",\"stat\":\"Average\"}],[\"AWS/ApplicationELB\",\"RequestCount\",\"LoadBalancer\",\"app/strapi-alb-irfan/509d2add101e0732\",{\"label\":\"Total Requests\",\"stat\":\"Sum\",\"yAxis\":\"right\"}]],\"period\":300,\"region\":\"ap-south-1\",\"title\":\"Application Response Times\",\"yAxis\":{\"left\":{\"label\":\"Response Time (seconds)\",\"min\":0},\"right\":{\"label\":\"Request Count\",\"min\":0}}},\"type\":\"metric\",\"width\":12,\"x\":0,\"y\":6},{\"height\":6,\"properties\":{\"metrics\":[[\"AWS/RDS\",\"DatabaseConnections\",\"DBInstanceIdentifier\",\"strapidb-irfan-ap\",{\"label\":\"Connections\"}],[\"AWS/RDS\",\"NetworkReceiveThroughput\",\"DBInstanceIdentifier\",\"strapidb-irfan-ap\",{\"label\":\"Network In\"}],[\"AWS/RDS\",\"NetworkTransmitThroughput\",\"DBInstanceIdentifier\",\"strapidb-irfan-ap\",{\"label\":\"Network Out\"}]],\"period\":300,\"region\":\"ap-south-1\",\"stat\":\"Average\",\"title\":\"RDS Network Throughput\"},\"type\":\"metric\",\"width\":12,\"x\":12,\"y\":6}]}",
            "dashboard_name": "strapi-performance-monitoring",
            "id": "strapi-performance-monitoring",
            "region": "ap-south-1"
          },
          "sensitive_attributes": [],
          "private": "bnVsbA==",
          "dependencies": [
            "aws_db_instance.strapi_db",
            "aws_ecs_cluster.this",
            "aws_ecs_service.strapi",
            "aws_lb.strapi",
            "aws_lb_target_group.blue",
            "aws_lb_target_group.green"
          ]
        }
      ]
    },
    {
      "mode": "managed",
      "type": "aws_cloudwatch_log_group",
      "name": "rds_events",
      "provider": "provider[\"registry.terraform.io/hashicorp/aws\"]",
      "instances": [
        {
          "schema_version": 0,
          "attributes": {
            "arn": "arn:aws:logs:ap-south-1:301782007642:log-group:/aws/rds/strapi-db",
            "deletion_protection_enabled": false,
            "id": "/aws/rds/strapi-db",
            "kms_key_id": "",
            "log_group_class": "STANDARD",
            "name": "/aws/rds/strapi-db",
            "name_prefix": "",
            "region": "ap-south-1",
            "retention_in_days": 7,
            "skip_destroy": false,
            "tags": {
              "Environment": "production",
              "ManagedBy": "terraform",
              "Name": "strapi-rds-logs"
            },
            "tags_all": {
              "Environment": "production",
              "ManagedBy": "terraform",
              "Name": "strapi-rds-logs"
            }
          },
          "sensitive_attributes": [],
          "private": "bnVsbA=="
        }
      ]
    },
    {
      "mode": "managed",
      "type": "aws_cloudwatch_log_group",
      "name": "strapi_ecs",
      "provider": "provider[\"registry.terraform.io/hashicorp/aws\"]",
      "instances": [
        {
          "schema_version": 0,
          "attributes": {
            "arn": "arn:aws:logs:ap-south-1:301782007642:log-group:/ecs/strapi",
            "deletion_protection_enabled": false,
            "id": "/ecs/strapi",
            "kms_key_id": "",
            "log_group_class": "STANDARD",
            "name": "/ecs/strapi",
            "name_prefix": "",
            "region": "ap-south-1",
            "retention_in_days": 7,
            "skip_destroy": false,
            "tags": {
              "Environment": "production",
              "ManagedBy": "terraform",
              "Name": "strapi-ecs-logs"
            },
            "tags_all": {
              "Environment": "production",
              "ManagedBy": "terraform",
              "Name": "strapi-ecs-logs"
            }
          },
          "sensitive_attributes": [],
          "private": "bnVsbA==",
          "create_before_destroy": true
        }
      ]
    },
    {
      "mode": "managed",
      "type": "aws_cloudwatch_log_stream",
      "name": "strapi_container",
      "provider": "provider[\"registry.terraform.io/hashicorp/aws\"]",
      "instances": [
        {
          "schema_version": 0,
          "attributes": {
            "arn": "arn:aws:logs:ap-south-1:301782007642:log-group:/ecs/strapi:log-stream:ecs/strapi-container",
            "id": "ecs/strapi-container",
            "log_group_name": "/ecs/strapi",
            "name": "ecs/strapi-container",
            "region": "ap-south-1"
          },
          "sensitive_attributes": [],
          "private": "bnVsbA==",
          "dependencies": [
            "aws_cloudwatch_log_group.strapi_ecs"
          ]
        }
      ]
    },
    {
      "mode": "managed",
      "type": "aws_cloudwatch_metric_alarm",
      "name": "ecs_cpu_high",
      "provider": "provider[\"registry.terraform.io/hashicorp/aws\"]",
      "instances": [
        {
          "schema_version": 1,
          "attributes": {
            "actions_enabled": true,
            "alarm_actions": [],
            "alarm_description": "Alert when ECS task CPU exceeds 80%",
            "alarm_name": "strapi-ecs-cpu-utilization-high",
            "arn": "arn:aws:cloudwatch:ap-south-1:301782007642:alarm:strapi-ecs-cpu-utilization-high",
            "comparison_operator": "GreaterThanThreshold",
            "datapoints_to_alarm": 0,
            "dimensions": {
              "ClusterName": "strapi-ecs-irfan-cluster",
              "ServiceName": "strapi-service"
            },
            "evaluate_low_sample_count_percentiles": "",
            "evaluation_periods": 2,
            "extended_statistic": "",
            "id": "strapi-ecs-cpu-utilization-high",
            "insufficient_data_actions": [],
            "metric_name": "CPUUtilization",
            "metric_query": [],
            "namespace": "AWS/ECS",
            "ok_actions": [],
            "period": 300,
            "region": "ap-south-1",
            "statistic": "Average",
            "tags": {
              "Name": "strapi-cpu-alarm"
            },
            "tags_all": {
              "Name": "strapi-cpu-alarm"
            },
            "threshold": 80,
            "threshold_metric_id": "",
            "treat_missing_data": "notBreaching",
            "unit": ""
          },
          "sensitive_attributes": [],
          "private": "eyJzY2hlbWFfdmVyc2lvbiI6IjEifQ==",
          "dependencies": [
            "aws_cloudwatch_log_group.strapi_ecs",
            "aws_db_instance.strapi_db",
            "aws_db_subnet_group.default",
            "aws_ecs_cluster.this",
            "aws_ecs_service.strapi",
            "aws_ecs_task_definition.this",
            "aws_iam_role.ecs_execution",
            "aws_iam_role.ecs_task",
            "aws_lb.strapi",
            "aws_lb_listener.http",
            "aws_lb_listener.test",
            "aws_lb_target_group.blue",
            "aws_lb_target_group.green",
            "aws_security_group.alb_sg",
            "aws_security_group.ecs_sg",
            "aws_security_group.rds_sg",
            "data.aws_subnet.selected",
            "data.aws_subnets.default_vpc_subnets",
            "data.aws_vpc.default"
          ]
        }
      ]
    },
    {
      "mode": "managed",
      "type": "aws_cloudwatch_metric_alarm",
      "name": "ecs_memory_high",
      "provider": "provider[\"registry.terraform.io/hashicorp/aws\"]",
      "instances": [
        {
          "schema_version": 1,
          "attributes": {
            "actions_enabled": true,
            "alarm_actions": [],
            "alarm_description": "Alert when ECS task memory exceeds 85%",
            "alarm_name": "strapi-ecs-memory-utilization-high",
            "arn": "arn:aws:cloudwatch:ap-south-1:301782007642:alarm:strapi-ecs-memory-utilization-high",
            "comparison_operator": "GreaterThanThreshold",
            "datapoints_to_alarm": 0,
            "dimensions": {
              "ClusterName": "strapi-ecs-irfan-cluster",
              "ServiceName": "strapi-service"
            },
            "evaluate_low_sample_count_percentiles": "",
            "evaluation_periods": 2,
            "extended_statistic": "",
            "id": "strapi-ecs-memory-utilization-high",
            "insufficient_data_actions": [],
            "metric_name": "MemoryUtilization",
            "metric_query": [],
            "namespace": "AWS/ECS",
            "ok_actions": [],
            "period": 300,
            "region": "ap-south-1",
            "statistic": "Average",
            "tags": {
              "Name": "strapi-memory-alarm"
            },
            "tags_all": {
              "Name": "strapi-memory-alarm"
            },
            "threshold": 85,
            "threshold_metric_id": "",
            "treat_missing_data": "notBreaching",
            "unit": ""
          },
          "sensitive_attributes": [],
          "private": "eyJzY2hlbWFfdmVyc2lvbiI6IjEifQ==",
          "dependencies": [
            "aws_cloudwatch_log_group.strapi_ecs",
            "aws_db_instance.strapi_db",
            "aws_db_subnet_group.default",
            "aws_ecs_cluster.this",
            "aws_ecs_service.strapi",
            "aws_ecs_task_definition.this",
            "aws_iam_role.ecs_execution",
            "aws_iam_role.ecs_task",
            "aws_lb.strapi",
            "aws_lb_listener.http",
            "aws_lb_listener.test",
            "aws_lb_target_group.blue",
            "aws_lb_target_group.green",
            "aws_security_group.alb_sg",
            "aws_security_group.ecs_sg",
            "aws_security_group.rds_sg",
            "data.aws_subnet.selected",
            "data.aws_subnets.default_vpc_subnets",
            "data.aws_vpc.default"
          ]
        }
      ]
    },
    {
      "mode": "managed",
      "type": "aws_cloudwatch_metric_alarm",
      "name": "ecs_running_count_low",
      "provider": "provider[\"registry.terraform.io/hashicorp/aws\"]",
      "instances": [
        {
          "schema_version": 1,
          "attributes": {
            "actions_enabled": true,
            "alarm_actions": [],
            "alarm_description": "Alert when no ECS tasks are running",
            "alarm_name": "strapi-ecs-running-task-count-low",
            "arn": "arn:aws:cloudwatch:ap-south-1:301782007642:alarm:strapi-ecs-running-task-count-low",
            "comparison_operator": "LessThanThreshold",
            "datapoints_to_alarm": 0,
            "dimensions": {
              "ClusterName": "strapi-ecs-irfan-cluster",
              "ServiceName": "strapi-service"
            },
            "evaluate_low_sample_count_percentiles": "",
            "evaluation_periods": 1,
            "extended_statistic": "",
            "id": "strapi-ecs-running-task-count-low",
            "insufficient_data_actions": [],
            "metric_name": "RunningCount",
            "metric_query": [],
            "namespace": "AWS/ECS",
            "ok_actions": [],
            "period": 300,
            "region": "ap-south-1",
            "statistic": "Average",
            "tags": {
              "Name": "strapi-task-count-alarm"
            },
            "tags_all": {
              "Name": "strapi-task-count-alarm"
            },
            "threshold": 1,
            "threshold_metric_id": "",
            "treat_missing_data": "notBreaching",
            "unit": ""
          },
          "sensitive_attributes": [],
          "private": "eyJzY2hlbWFfdmVyc2lvbiI6IjEifQ==",
          "dependencies": [
            "aws_cloudwatch_log_group.strapi_ecs",
            "aws_db_instance.strapi_db",
            "aws_db_subnet_group.default",
            "aws_ecs_cluster.this",
            "aws_ecs_service.strapi",
            "aws_ecs_task_definition.this",
            "aws_iam_role.ecs_execution",
            "aws_iam_role.ecs_task",
            "aws_lb.strapi",
            "aws_lb_listener.http",
            "aws_lb_listener.test",
            "aws_lb_target_group.blue",
            "aws_lb_target_group.green",
            "aws_security_group.alb_sg",
            "aws_security_group.ecs_sg",
            "aws_security_group.rds_sg",
            "data.aws_subnet.selected",
            "data.aws_subnets.default_vpc_subnets",
            "data.aws_vpc.default"
          ]
        }
      ]
    },
    {
      "mode": "managed",
      "type": "aws_cloudwatch_metric_alarm",
      "name": "rds_connections_high",
      "provider": "provider[\"registry.terraform.io/hashicorp/aws\"]",
      "instances": [
        {
          "schema_version": 1,
          "attributes": {
            "actions_enabled": true,
            "alarm_actions": [],
            "alarm_description": "Alert when RDS database connections exceed 80",
            "alarm_name": "strapi-rds-database-connections-high",
            "arn": "arn:aws:cloudwatch:ap-south-1:301782007642:alarm:strapi-rds-database-connections-high",
            "comparison_operator": "GreaterThanThreshold",
            "datapoints_to_alarm": 0,
            "dimensions": {
              "DBInstanceIdentifier": "db-FMOL5VHMK3WJN4VYZL54CUGUHM"
            },
            "evaluate_low_sample_count_percentiles": "",
            "evaluation_periods": 2,
            "extended_statistic": "",
            "id": "strapi-rds-database-connections-high",
            "insufficient_data_actions": [],
            "metric_name": "DatabaseConnections",
            "metric_query": [],
            "namespace": "AWS/RDS",
            "ok_actions": [],
            "period": 300,
            "region": "ap-south-1",
            "statistic": "Average",
            "tags": {
              "Name": "strapi-rds-connections-alarm"
            },
            "tags_all": {
              "Name": "strapi-rds-connections-alarm"
            },
            "threshold": 80,
            "threshold_metric_id": "",
            "treat_missing_data": "notBreaching",
            "unit": ""
          },
          "sensitive_attributes": [],
          "private": "eyJzY2hlbWFfdmVyc2lvbiI6IjEifQ==",
          "dependencies": [
            "aws_db_instance.strapi_db",
            "aws_db_subnet_group.default",
            "aws_security_group.alb_sg",
            "aws_security_group.ecs_sg",
            "aws_security_group.rds_sg",
            "data.aws_subnets.default_vpc_subnets",
            "data.aws_vpc.default"
          ]
        }
      ]
    },
    {
      "mode": "managed",
      "type": "aws_cloudwatch_metric_alarm",
      "name": "rds_cpu_high",
      "provider": "provider[\"registry.terraform.io/hashicorp/aws\"]",
      "instances": [
        {
          "schema_version": 1,
          "attributes": {
            "actions_enabled": true,
            "alarm_actions": [],
            "alarm_description": "Alert when RDS database CPU exceeds 75%",
            "alarm_name": "strapi-rds-cpu-utilization-high",
            "arn": "arn:aws:cloudwatch:ap-south-1:301782007642:alarm:strapi-rds-cpu-utilization-high",
            "comparison_operator": "GreaterThanThreshold",
            "datapoints_to_alarm": 0,
            "dimensions": {
              "DBInstanceIdentifier": "db-FMOL5VHMK3WJN4VYZL54CUGUHM"
            },
            "evaluate_low_sample_count_percentiles": "",
            "evaluation_periods": 2,
            "extended_statistic": "",
            "id": "strapi-rds-cpu-utilization-high",
            "insufficient_data_actions": [],
            "metric_name": "CPUUtilization",
            "metric_query": [],
            "namespace": "AWS/RDS",
            "ok_actions": [],
            "period": 300,
            "region": "ap-south-1",
            "statistic": "Average",
            "tags": {
              "Name": "strapi-rds-cpu-alarm"
            },
            "tags_all": {
              "Name": "strapi-rds-cpu-alarm"
            },
            "threshold": 75,
            "threshold_metric_id": "",
            "treat_missing_data": "notBreaching",
            "unit": ""
          },
          "sensitive_attributes": [],
          "private": "eyJzY2hlbWFfdmVyc2lvbiI6IjEifQ==",
          "dependencies": [
            "aws_db_instance.strapi_db",
            "aws_db_subnet_group.default",
            "aws_security_group.alb_sg",
            "aws_security_group.ecs_sg",
            "aws_security_group.rds_sg",
            "data.aws_subnets.default_vpc_subnets",
            "data.aws_vpc.default"
          ]
        }
      ]
    },
    {
      "mode": "managed",
      "type": "aws_codedeploy_app",
      "name": "strapi",
      "provider": "provider[\"registry.terraform.io/hashicorp/aws\"]",
      "instances": [
        {
          "schema_version": 0,
          "attributes": {
            "application_id": "2b6f52ed-1979-4596-a9c8-a0154177b678",
            "arn": "arn:aws:codedeploy:ap-south-1:301782007642:application:strapi-ecs-app-irfan",
            "compute_platform": "ECS",
            "github_account_name": "",
            "id": "2b6f52ed-1979-4596-a9c8-a0154177b678:strapi-ecs-app-irfan",
            "linked_to_github": false,
            "name": "strapi-ecs-app-irfan",
            "region": "ap-south-1",
            "tags": {},
            "tags_all": {}
          },
          "sensitive_attributes": [],
          "private": "bnVsbA=="
        }
      ]
    },
    {
      "mode": "managed",
      "type": "aws_codedeploy_deployment_group",
      "name": "strapi",
      "provider": "provider[\"registry.terraform.io/hashicorp/aws\"]",
      "instances": [
        {
          "schema_version": 0,
          "attributes": {
            "alarm_configuration": [],
            "app_name": "strapi-ecs-app-irfan",
            "arn": "arn:aws:codedeploy:ap-south-1:301782007642:deploymentgroup:strapi-ecs-app-irfan/strapi-deployment-group-irfan",
            "auto_rollback_configuration": [
              {
                "enabled": true,
                "events": [
                  "DEPLOYMENT_FAILURE",
                  "DEPLOYMENT_STOP_ON_REQUEST"
                ]
              }
            ],
            "autoscaling_groups": null,
            "blue_green_deployment_config": [
              {
                "deployment_ready_option": [
                  {
                    "action_on_timeout": "CONTINUE_DEPLOYMENT",
                    "wait_time_in_minutes": 0
                  }
                ],
                "green_fleet_provisioning_option": [],
                "terminate_blue_instances_on_deployment_success": [
                  {
                    "action": "TERMINATE",
                    "termination_wait_time_in_minutes": 5
                  }
                ]
              }
            ],
            "compute_platform": "ECS",
            "deployment_config_name": "CodeDeployDefault.ECSCanary10Percent5Minutes",
            "deployment_group_id": "acc86481-8702-4b22-8565-43bc8e461412",
            "deployment_group_name": "strapi-deployment-group-irfan",
            "deployment_style": [
              {
                "deployment_option": "WITH_TRAFFIC_CONTROL",
                "deployment_type": "BLUE_GREEN"
              }
            ],
            "ec2_tag_filter": [],
            "ec2_tag_set": [],
            "ecs_service": [
              {
                "cluster_name": "strapi-ecs-irfan-cluster",
                "service_name": "strapi-service"
              }
            ],
            "id": "acc86481-8702-4b22-8565-43bc8e461412",
            "load_balancer_info": [
              {
                "elb_info": [],
                "target_group_info": [],
                "target_group_pair_info": [
                  {
                    "prod_traffic_route": [
                      {
                        "listener_arns": [
                          "arn:aws:elasticloadbalancing:ap-south-1:301782007642:listener/app/strapi-alb-irfan/509d2add101e0732/b95b62a23f48afbb"
                        ]
                      }
                    ],
                    "target_group": [
                      {
                        "name": "strapi-tg-blue-irfan"
                      },
                      {
                        "name": "strapi-tg-green-irfan"
                      }
                    ],
                    "test_traffic_route": [
                      {
                        "listener_arns": [
                          "arn:aws:elasticloadbalancing:ap-south-1:301782007642:listener/app/strapi-alb-irfan/509d2add101e0732/5bf11c515a1b60cd"
                        ]
                      }
                    ]
                  }
                ]
              }
            ],
            "on_premises_instance_tag_filter": [],
            "outdated_instances_strategy": "UPDATE",
            "region": "ap-south-1",
            "service_role_arn": "arn:aws:iam::301782007642:role/codedeploy-ecs-role-irfan",
            "tags": null,
            "tags_all": {},
            "termination_hook_enabled": false,
            "trigger_configuration": []
          },
          "sensitive_attributes": [],
          "private": "bnVsbA==",
          "dependencies": [
            "aws_codedeploy_app.strapi",
            "aws_ecs_cluster.this",
            "aws_ecs_service.strapi",
            "aws_iam_role.codedeploy",
            "aws_lb_listener.http",
            "aws_lb_listener.test",
            "aws_lb_target_group.blue",
            "aws_lb_target_group.green"
          ]
        }
      ]
    },
    {
      "mode": "managed",
      "type": "aws_db_instance",
      "name": "strapi_db",
      "provider": "provider[\"registry.terraform.io/hashicorp/aws\"]",
      "instances": [
        {
          "schema_version": 2,
          "attributes": {
            "address": "strapidb-irfan-ap.cbowmc0uim96.ap-south-1.rds.amazonaws.com",
            "allocated_storage": 20,
            "allow_major_version_upgrade": null,
            "apply_immediately": false,
            "arn": "arn:aws:rds:ap-south-1:301782007642:db:strapidb-irfan-ap",
            "auto_minor_version_upgrade": true,
            "availability_zone": "ap-south-1a",
            "backup_retention_period": 0,
            "backup_target": "region",
            "backup_window": "18:55-19:25",
            "blue_green_update": [],
            "ca_cert_identifier": "rds-ca-rsa2048-g1",
            "character_set_name": "",
            "copy_tags_to_snapshot": false,
            "custom_iam_instance_profile": "",
            "customer_owned_ip_enabled": false,
            "database_insights_mode": "standard",
            "db_name": "strapidb",
            "db_subnet_group_name": "strapi-db-subnet-group-irfan-ap",
            "dedicated_log_volume": false,
            "delete_automated_backups": true,
            "deletion_protection": false,
            "domain": "",
            "domain_auth_secret_arn": "",
            "domain_dns_ips": [],
            "domain_fqdn": "",
            "domain_iam_role_name": "",
            "domain_ou": "",
            "enabled_cloudwatch_logs_exports": [],
            "endpoint": "strapidb-irfan-ap.cbowmc0uim96.ap-south-1.rds.amazonaws.com:5432",
            "engine": "postgres",
            "engine_lifecycle_support": "open-source-rds-extended-support",
            "engine_version": "14",
            "engine_version_actual": "14.19",
            "final_snapshot_identifier": null,
            "hosted_zone_id": "Z2VFMSZA74J7XZ",
            "iam_database_authentication_enabled": false,
            "id": "db-FMOL5VHMK3WJN4VYZL54CUGUHM",
            "identifier": "strapidb-irfan-ap",
            "identifier_prefix": "",
            "instance_class": "db.t3.micro",
            "iops": 0,
            "kms_key_id": "",
            "latest_restorable_time": "",
            "license_model": "postgresql-license",
            "listener_endpoint": [],
            "maintenance_window": "thu:12:03-thu:12:33",
            "manage_master_user_password": null,
            "master_user_secret": [],
            "master_user_secret_kms_key_id": null,
            "max_allocated_storage": 0,
            "monitoring_interval": 0,
            "monitoring_role_arn": "",
            "multi_az": false,
            "nchar_character_set_name": "",
            "network_type": "IPV4",
            "option_group_name": "default:postgres-14",
            "parameter_group_name": "default.postgres14",
            "password": "irfan123",
            "password_wo": null,
            "password_wo_version": null,
            "performance_insights_enabled": false,
            "performance_insights_kms_key_id": "",
            "performance_insights_retention_period": 0,
            "port": 5432,
            "publicly_accessible": false,
            "region": "ap-south-1",
            "replica_mode": "",
            "replicas": [],
            "replicate_source_db": "",
            "resource_id": "db-FMOL5VHMK3WJN4VYZL54CUGUHM",
            "restore_to_point_in_time": [],
            "s3_import": [],
            "skip_final_snapshot": true,
            "snapshot_identifier": null,
            "status": "available",
            "storage_encrypted": false,
            "storage_throughput": 0,
            "storage_type": "gp2",
            "tags": {
              "Name": "irfan-strapi-rds"
            },
            "tags_all": {
              "Name": "irfan-strapi-rds"
            },
            "timeouts": null,
            "timezone": "",
            "upgrade_rollout_order": "second",
            "upgrade_storage_config": null,
            "username": "strapiuser",
            "vpc_security_group_ids": [
              "sg-0cd97a5a5f6bc3861"
            ]
          },
          "sensitive_attributes": [],
          "private": "eyJlMmJmYjczMC1lY2FhLTExZTYtOGY4OC0zNDM2M2JjN2M0YzAiOnsiY3JlYXRlIjozMDAwMDAwMDAwMDAwLCJkZWxldGUiOjM2MDAwMDAwMDAwMDAsInVwZGF0ZSI6NDgwMDAwMDAwMDAwMH0sInNjaGVtYV92ZXJzaW9uIjoiMiJ9",
          "dependencies": [
            "aws_db_subnet_group.default",
            "aws_security_group.alb_sg",
            "aws_security_group.ecs_sg",
            "aws_security_group.rds_sg",
            "data.aws_subnets.default_vpc_subnets",
            "data.aws_vpc.default"
          ],
          "create_before_destroy": true
        }
      ]
    },
    {
      "mode": "managed",
      "type": "aws_db_subnet_group",
      "name": "default",
      "provider": "provider[\"registry.terraform.io/hashicorp/aws\"]",
      "instances": [
        {
          "schema_version": 0,
          "attributes": {
            "arn": "arn:aws:rds:ap-south-1:301782007642:subgrp:strapi-db-subnet-group-irfan-ap",
            "description": "Managed by Terraform",
            "id": "strapi-db-subnet-group-irfan-ap",
            "name": "strapi-db-subnet-group-irfan-ap",
            "name_prefix": "",
            "region": "ap-south-1",
            "subnet_ids": [
              "subnet-0342cfb028d6aff5a",
              "subnet-0b5f44f6a7c3f2a17",
              "subnet-0bbac2221b29ffa27",
              "subnet-0dcf98e23a5861550"
            ],
            "supported_network_types": [
              "IPV4"
            ],
            "tags": {
              "Name": "strapi-db-subnet-group-irfan"
            },
            "tags_all": {
              "Name": "strapi-db-subnet-group-irfan"
            },
            "vpc_id": "vpc-0a8a952bd82a9c081"
          },
          "sensitive_attributes": [],
          "private": "bnVsbA==",
          "dependencies": [
            "data.aws_subnets.default_vpc_subnets",
            "data.aws_vpc.default"
          ],
          "create_before_destroy": true
        }
      ]
    },
    {
      "mode": "managed",
      "type": "aws_ecs_cluster",
      "name": "this",
      "provider": "provider[\"registry.terraform.io/hashicorp/aws\"]",
      "instances": [
        {
          "schema_version": 0,
          "attributes": {
            "arn": "arn:aws:ecs:ap-south-1:301782007642:cluster/strapi-ecs-irfan-cluster",
            "configuration": [],
            "id": "arn:aws:ecs:ap-south-1:301782007642:cluster/strapi-ecs-irfan-cluster",
            "name": "strapi-ecs-irfan-cluster",
            "region": "ap-south-1",
            "service_connect_defaults": [],
            "setting": [
              {
                "name": "containerInsights",
                "value": "enabled"
              }
            ],
            "tags": {
              "Deployment": "blue-green",
              "Environment": "production",
              "Name": "strapi-ecs-cluster"
            },
            "tags_all": {
              "Deployment": "blue-green",
              "Environment": "production",
              "Name": "strapi-ecs-cluster"
            }
          },
          "sensitive_attributes": [],
          "private": "bnVsbA=="
        }
      ]
    },
    {
      "mode": "managed",
      "type": "aws_ecs_cluster_capacity_providers",
      "name": "this",
      "provider": "provider[\"registry.terraform.io/hashicorp/aws\"]",
      "instances": [
        {
          "schema_version": 0,
          "attributes": {
            "capacity_providers": [
              "FARGATE",
              "FARGATE_SPOT"
            ],
            "cluster_name": "strapi-ecs-irfan-cluster",
            "default_capacity_provider_strategy": [
              {
                "base": 1,
                "capacity_provider": "FARGATE",
                "weight": 100
              }
            ],
            "id": "strapi-ecs-irfan-cluster",
            "region": "ap-south-1"
          },
          "sensitive_attributes": [],
          "private": "bnVsbA==",
          "dependencies": [
            "aws_ecs_cluster.this"
          ]
        }
      ]
    },
    {
      "mode": "managed",
      "type": "aws_ecs_service",
      "name": "strapi",
      "provider": "provider[\"registry.terraform.io/hashicorp/aws\"]",
      "instances": [
        {
          "schema_version": 1,
          "attributes": {
            "alarms": [],
            "arn": "arn:aws:ecs:ap-south-1:301782007642:service/strapi-ecs-irfan-cluster/strapi-service",
            "availability_zone_rebalancing": "ENABLED",
            "capacity_provider_strategy": [],
            "cluster": "arn:aws:ecs:ap-south-1:301782007642:cluster/strapi-ecs-irfan-cluster",
            "deployment_circuit_breaker": [],
            "deployment_configuration": [
              {
                "bake_time_in_minutes": "0",
                "canary_configuration": [],
                "lifecycle_hook": [],
                "linear_configuration": [],
                "strategy": ""
              }
            ],
            "deployment_controller": [
              {
                "type": "CODE_DEPLOY"
              }
            ],
            "deployment_maximum_percent": 200,
            "deployment_minimum_healthy_percent": 100,
            "desired_count": 2,
            "enable_ecs_managed_tags": true,
            "enable_execute_command": false,
            "force_delete": null,
            "force_new_deployment": null,
            "health_check_grace_period_seconds": 120,
            "iam_role": "/aws-service-role/ecs.amazonaws.com/AWSServiceRoleForECS",
            "id": "arn:aws:ecs:ap-south-1:301782007642:service/strapi-ecs-irfan-cluster/strapi-service",
            "launch_type": "FARGATE",
            "load_balancer": [
              {
                "advanced_configuration": [],
                "container_name": "strapi",
                "container_port": 1337,
                "elb_name": "",
                "target_group_arn": "arn:aws:elasticloadbalancing:ap-south-1:301782007642:targetgroup/strapi-tg-green-irfan/84b74c00fde1f3d0"
              }
            ],
            "name": "strapi-service",
            "network_configuration": [
              {
                "assign_public_ip": true,
                "security_groups": [
                  "sg-07feb02c90b442a00"
                ],
                "subnets": [
                  "subnet-0342cfb028d6aff5a",
                  "subnet-0b5f44f6a7c3f2a17",
                  "subnet-0bbac2221b29ffa27",
                  "subnet-0dcf98e23a5861550"
                ]
              }
            ],
            "ordered_placement_strategy": [],
            "placement_constraints": [],
            "platform_version": "1.4.0",
            "propagate_tags": "SERVICE",
            "region": "ap-south-1",
            "scheduling_strategy": "REPLICA",
            "service_connect_configuration": [],
            "service_registries": [],
            "sigint_rollback": null,
            "tags": {
              "Deployment": "blue-green",
              "Environment": "production",
              "Name": "strapi-service"
            },
            "tags_all": {
              "Deployment": "blue-green",
              "Environment": "production",
              "Name": "strapi-service"
            },
            "task_definition": "arn:aws:ecs:ap-south-1:301782007642:task-definition/strapi-task:81",
            "timeouts": null,
            "triggers": {},
            "volume_configuration": [],
            "vpc_lattice_configurations": [],
            "wait_for_steady_state": false
          },
          "sensitive_attributes": [],
          "private": "eyJlMmJmYjczMC1lY2FhLTExZTYtOGY4OC0zNDM2M2JjN2M0YzAiOnsiY3JlYXRlIjoxMjAwMDAwMDAwMDAwLCJkZWxldGUiOjEyMDAwMDAwMDAwMDAsInVwZGF0ZSI6MTIwMDAwMDAwMDAwMH0sInNjaGVtYV92ZXJzaW9uIjoiMSJ9",
          "dependencies": [
            "aws_cloudwatch_log_group.strapi_ecs",
            "aws_db_instance.strapi_db",
            "aws_db_subnet_group.default",
            "aws_ecs_cluster.this",
            "aws_ecs_task_definition.this",
            "aws_iam_role.ecs_execution",
            "aws_iam_role.ecs_task",
            "aws_lb.strapi",
            "aws_lb_listener.http",
            "aws_lb_listener.test",
            "aws_lb_target_group.blue",
            "aws_lb_target_group.green",
            "aws_security_group.alb_sg",
            "aws_security_group.ecs_sg",
            "aws_security_group.rds_sg",
            "data.aws_subnet.selected",
            "data.aws_subnets.default_vpc_subnets",
            "data.aws_vpc.default"
          ]
        }
      ]
    },
    {
      "mode": "managed",
      "type": "aws_ecs_task_definition",
      "name": "this",
      "provider": "provider[\"registry.terraform.io/hashicorp/aws\"]",
      "instances": [
        {
          "schema_version": 1,
          "attributes": {
            "arn": "arn:aws:ecs:ap-south-1:301782007642:task-definition/strapi-task:81",
            "arn_without_revision": "arn:aws:ecs:ap-south-1:301782007642:task-definition/strapi-task",
            "container_definitions": "[{\"environment\":[{\"name\":\"ADMIN_JWT_SECRET\",\"value\":\"changeme-super-secret-admin-jwt\"},{\"name\":\"API_TOKEN_SALT\",\"value\":\"change-me-api-salt-123\"},{\"name\":\"APP_KEYS\",\"value\":\"key1,key2,key3,key4\"},{\"name\":\"DATABASE_CLIENT\",\"value\":\"postgres\"},{\"name\":\"DATABASE_HOST\",\"value\":\"strapidb-irfan-ap.cbowmc0uim96.ap-south-1.rds.amazonaws.com\"},{\"name\":\"DATABASE_NAME\",\"value\":\"strapidb\"},{\"name\":\"DATABASE_PASSWORD\",\"value\":\"irfan123\"},{\"name\":\"DATABASE_PORT\",\"value\":\"5432\"},{\"name\":\"DATABASE_USERNAME\",\"value\":\"strapiuser\"},{\"name\":\"ENCRYPTION_KEY\",\"value\":\"change-me-encryption-key-789\"},{\"name\":\"JWT_SECRET\",\"value\":\"your-jwt-secret-key-here-change-me\"},{\"name\":\"NODE_ENV\",\"value\":\"production\"},{\"name\":\"STRAPI_DISABLE_ADMIN\",\"value\":\"false\"},{\"name\":\"TRANSFER_TOKEN_SALT\",\"value\":\"change-me-transfer-salt-456\"}],\"essential\":true,\"image\":\"301782007642.dkr.ecr.ap-south-1.amazonaws.com/irfan-strapi-image:latest\",\"logConfiguration\":{\"logDriver\":\"awslogs\",\"options\":{\"awslogs-group\":\"/ecs/strapi\",\"awslogs-region\":\"ap-south-1\",\"awslogs-stream-prefix\":\"ecs/strapi\"}},\"mountPoints\":[],\"name\":\"strapi\",\"portMappings\":[{\"containerPort\":1337,\"hostPort\":1337,\"protocol\":\"tcp\"}],\"systemControls\":[],\"volumesFrom\":[]}]",
            "cpu": "512",
            "enable_fault_injection": false,
            "ephemeral_storage": [],
            "execution_role_arn": "arn:aws:iam::301782007642:role/ecsTaskExecutionRole-strapi-irfan",
            "family": "strapi-task",
            "id": "strapi-task",
            "ipc_mode": "",
            "memory": "1024",
            "network_mode": "awsvpc",
            "pid_mode": "",
            "placement_constraints": [],
            "proxy_configuration": [],
            "region": "ap-south-1",
            "requires_compatibilities": [
              "FARGATE"
            ],
            "revision": 81,
            "runtime_platform": [],
            "skip_destroy": false,
            "tags": {
              "Deployment": "blue-green",
              "Environment": "production",
              "Name": "strapi-task-definition"
            },
            "tags_all": {
              "Deployment": "blue-green",
              "Environment": "production",
              "Name": "strapi-task-definition"
            },
            "task_role_arn": "arn:aws:iam::301782007642:role/ecsTaskRole-strapi-irfan",
            "track_latest": false,
            "volume": []
          },
          "sensitive_attributes": [],
          "private": "eyJzY2hlbWFfdmVyc2lvbiI6IjEifQ==",
          "dependencies": [
            "aws_cloudwatch_log_group.strapi_ecs",
            "aws_db_instance.strapi_db",
            "aws_db_subnet_group.default",
            "aws_iam_role.ecs_execution",
            "aws_iam_role.ecs_task",
            "aws_security_group.alb_sg",
            "aws_security_group.ecs_sg",
            "aws_security_group.rds_sg",
            "data.aws_subnets.default_vpc_subnets",
            "data.aws_vpc.default"
          ],
          "create_before_destroy": true
        }
      ]
    },
    {
      "mode": "managed",
      "type": "aws_iam_role",
      "name": "codedeploy",
      "provider": "provider[\"registry.terraform.io/hashicorp/aws\"]",
      "instances": [
        {
          "schema_version": 0,
          "attributes": {
            "arn": "arn:aws:iam::301782007642:role/codedeploy-ecs-role-irfan",
            "assume_role_policy": "{\"Statement\":[{\"Action\":\"sts:AssumeRole\",\"Effect\":\"Allow\",\"Principal\":{\"Service\":\"codedeploy.amazonaws.com\"}}],\"Version\":\"2012-10-17\"}",
            "create_date": "2025-12-22T05:02:24Z",
            "description": "",
            "force_detach_policies": false,
            "id": "codedeploy-ecs-role-irfan",
            "inline_policy": [
              {
                "name": "codedeploy-ecs-additional-permissions",
                "policy": "{\"Version\":\"2012-10-17\",\"Statement\":[{\"Action\":[\"ecs:DescribeServices\",\"ecs:CreateTaskSet\",\"ecs:UpdateServicePrimaryTaskSet\",\"ecs:DeleteTaskSet\",\"ecs:UpdateService\",\"ecs:DescribeTaskDefinition\",\"ecs:RegisterTaskDefinition\"],\"Effect\":\"Allow\",\"Resource\":\"*\"},{\"Action\":[\"elasticloadbalancing:DescribeTargetGroups\",\"elasticloadbalancing:DescribeListeners\",\"elasticloadbalancing:ModifyListener\",\"elasticloadbalancing:DescribeRules\",\"elasticloadbalancing:ModifyRule\"],\"Effect\":\"Allow\",\"Resource\":\"*\"},{\"Action\":[\"sns:Publish\"],\"Effect\":\"Allow\",\"Resource\":\"*\"},{\"Action\":[\"iam:PassRole\"],\"Effect\":\"Allow\",\"Resource\":[\"arn:aws:iam::301782007642:role/ecsTaskExecutionRole-strapi-irfan\",\"arn:aws:iam::301782007642:role/ecsTaskRole-strapi-irfan\"]}]}"
              }
            ],
            "managed_policy_arns": [
              "arn:aws:iam::aws:policy/AWSCodeDeployRoleForECS"
            ],
            "max_session_duration": 3600,
            "name": "codedeploy-ecs-role-irfan",
            "name_prefix": "",
            "path": "/",
            "permissions_boundary": "",
            "tags": {
              "Environment": "production",
              "Name": "codedeploy-ecs-role"
            },
            "tags_all": {
              "Environment": "production",
              "Name": "codedeploy-ecs-role"
            },
            "unique_id": "AROAUMQ4375NO3OBALJMF"
          },
          "sensitive_attributes": [],
          "private": "bnVsbA=="
        }
      ]
    },
    {
      "mode": "managed",
      "type": "aws_iam_role",
      "name": "ecs_execution",
      "provider": "provider[\"registry.terraform.io/hashicorp/aws\"]",
      "instances": [
        {
          "schema_version": 0,
          "attributes": {
            "arn": "arn:aws:iam::301782007642:role/ecsTaskExecutionRole-strapi-irfan",
            "assume_role_policy": "{\"Statement\":[{\"Action\":\"sts:AssumeRole\",\"Effect\":\"Allow\",\"Principal\":{\"Service\":\"ecs-tasks.amazonaws.com\"}}],\"Version\":\"2012-10-17\"}",
            "create_date": "2025-12-22T05:02:24Z",
            "description": "",
            "force_detach_policies": false,
            "id": "ecsTaskExecutionRole-strapi-irfan",
            "inline_policy": [
              {
                "name": "ecs-execution-cloudwatch-logs-policy",
                "policy": "{\"Version\":\"2012-10-17\",\"Statement\":[{\"Action\":[\"logs:CreateLogStream\",\"logs:PutLogEvents\",\"logs:CreateLogGroup\"],\"Effect\":\"Allow\",\"Resource\":\"arn:aws:logs:*:*:*\"},{\"Action\":[\"ecr:GetAuthorizationToken\",\"ecr:BatchCheckLayerAvailability\",\"ecr:GetDownloadUrlForLayer\",\"ecr:BatchGetImage\"],\"Effect\":\"Allow\",\"Resource\":\"*\"}]}"
              }
            ],
            "managed_policy_arns": [
              "arn:aws:iam::aws:policy/service-role/AmazonECSTaskExecutionRolePolicy"
            ],
            "max_session_duration": 3600,
            "name": "ecsTaskExecutionRole-strapi-irfan",
            "name_prefix": "",
            "path": "/",
            "permissions_boundary": "",
            "tags": {
              "Environment": "production",
              "Name": "ecs-execution-role"
            },
            "tags_all": {
              "Environment": "production",
              "Name": "ecs-execution-role"
            },
            "unique_id": "AROAUMQ4375NLLZ2TSU7N"
          },
          "sensitive_attributes": [],
          "private": "bnVsbA==",
          "create_before_destroy": true
        }
      ]
    },
    {
      "mode": "managed",
      "type": "aws_iam_role",
      "name": "ecs_task",
      "provider": "provider[\"registry.terraform.io/hashicorp/aws\"]",
      "instances": [
        {
          "schema_version": 0,
          "attributes": {
            "arn": "arn:aws:iam::301782007642:role/ecsTaskRole-strapi-irfan",
            "assume_role_policy": "{\"Statement\":[{\"Action\":\"sts:AssumeRole\",\"Effect\":\"Allow\",\"Principal\":{\"Service\":\"ecs-tasks.amazonaws.com\"}}],\"Version\":\"2012-10-17\"}",
            "create_date": "2025-12-22T05:02:24Z",
            "description": "",
            "force_detach_policies": false,
            "id": "ecsTaskRole-strapi-irfan",
            "inline_policy": [
              {
                "name": "ecs-task-policy",
                "policy": "{\"Version\":\"2012-10-17\",\"Statement\":[{\"Action\":[\"logs:CreateLogStream\",\"logs:PutLogEvents\"],\"Effect\":\"Allow\",\"Resource\":\"arn:aws:logs:*:*:*\"},{\"Action\":[\"s3:GetObject\",\"s3:PutObject\",\"s3:ListBucket\"],\"Effect\":\"Allow\",\"Resource\":\"*\"}]}"
              }
            ],
            "managed_policy_arns": [],
            "max_session_duration": 3600,
            "name": "ecsTaskRole-strapi-irfan",
            "name_prefix": "",
            "path": "/",
            "permissions_boundary": "",
            "tags": {
              "Environment": "production",
              "Name": "ecs-task-role"
            },
            "tags_all": {
              "Environment": "production",
              "Name": "ecs-task-role"
            },
            "unique_id": "AROAUMQ4375NA6C2E66FK"
          },
          "sensitive_attributes": [],
          "private": "bnVsbA==",
          "create_before_destroy": true
        }
      ]
    },
    {
      "mode": "managed",
      "type": "aws_iam_role_policy",
      "name": "codedeploy_ecs_permissions",
      "provider": "provider[\"registry.terraform.io/hashicorp/aws\"]",
      "instances": [
        {
          "schema_version": 0,
          "attributes": {
            "id": "codedeploy-ecs-role-irfan:codedeploy-ecs-additional-permissions",
            "name": "codedeploy-ecs-additional-permissions",
            "name_prefix": "",
            "policy": "{\"Version\":\"2012-10-17\",\"Statement\":[{\"Action\":[\"ecs:DescribeServices\",\"ecs:CreateTaskSet\",\"ecs:UpdateServicePrimaryTaskSet\",\"ecs:DeleteTaskSet\",\"ecs:UpdateService\",\"ecs:DescribeTaskDefinition\",\"ecs:RegisterTaskDefinition\"],\"Effect\":\"Allow\",\"Resource\":\"*\"},{\"Action\":[\"elasticloadbalancing:DescribeTargetGroups\",\"elasticloadbalancing:DescribeListeners\",\"elasticloadbalancing:ModifyListener\",\"elasticloadbalancing:DescribeRules\",\"elasticloadbalancing:ModifyRule\"],\"Effect\":\"Allow\",\"Resource\":\"*\"},{\"Action\":[\"sns:Publish\"],\"Effect\":\"Allow\",\"Resource\":\"*\"},{\"Action\":[\"iam:PassRole\"],\"Effect\":\"Allow\",\"Resource\":[\"arn:aws:iam::301782007642:role/ecsTaskExecutionRole-strapi-irfan\",\"arn:aws:iam::301782007642:role/ecsTaskRole-strapi-irfan\"]}]}",
            "role": "codedeploy-ecs-role-irfan"
          },
          "sensitive_attributes": [],
          "private": "bnVsbA==",
          "dependencies": [
            "aws_iam_role.codedeploy",
            "aws_iam_role.ecs_execution",
            "aws_iam_role.ecs_task"
          ]
        }
      ]
    },
    {
      "mode": "managed",
      "type": "aws_iam_role_policy",
      "name": "ecs_execution_cloudwatch_logs",
      "provider": "provider[\"registry.terraform.io/hashicorp/aws\"]",
      "instances": [
        {
          "schema_version": 0,
          "attributes": {
            "id": "ecsTaskExecutionRole-strapi-irfan:ecs-execution-cloudwatch-logs-policy",
            "name": "ecs-execution-cloudwatch-logs-policy",
            "name_prefix": "",
            "policy": "{\"Version\":\"2012-10-17\",\"Statement\":[{\"Action\":[\"logs:CreateLogStream\",\"logs:PutLogEvents\",\"logs:CreateLogGroup\"],\"Effect\":\"Allow\",\"Resource\":\"arn:aws:logs:*:*:*\"},{\"Action\":[\"ecr:GetAuthorizationToken\",\"ecr:BatchCheckLayerAvailability\",\"ecr:GetDownloadUrlForLayer\",\"ecr:BatchGetImage\"],\"Effect\":\"Allow\",\"Resource\":\"*\"}]}",
            "role": "ecsTaskExecutionRole-strapi-irfan"
          },
          "sensitive_attributes": [],
          "private": "bnVsbA==",
          "dependencies": [
            "aws_iam_role.ecs_execution"
          ]
        }
      ]
    },
    {
      "mode": "managed",
      "type": "aws_iam_role_policy",
      "name": "ecs_task_policy",
      "provider": "provider[\"registry.terraform.io/hashicorp/aws\"]",
      "instances": [
        {
          "schema_version": 0,
          "attributes": {
            "id": "ecsTaskRole-strapi-irfan:ecs-task-policy",
            "name": "ecs-task-policy",
            "name_prefix": "",
            "policy": "{\"Version\":\"2012-10-17\",\"Statement\":[{\"Action\":[\"logs:CreateLogStream\",\"logs:PutLogEvents\"],\"Effect\":\"Allow\",\"Resource\":\"arn:aws:logs:*:*:*\"},{\"Action\":[\"s3:GetObject\",\"s3:PutObject\",\"s3:ListBucket\"],\"Effect\":\"Allow\",\"Resource\":\"*\"}]}",
            "role": "ecsTaskRole-strapi-irfan"
          },
          "sensitive_attributes": [],
          "private": "bnVsbA==",
          "dependencies": [
            "aws_iam_role.ecs_task"
          ]
        }
      ]
    },
    {
      "mode": "managed",
      "type": "aws_iam_role_policy_attachment",
      "name": "codedeploy_ecs",
      "provider": "provider[\"registry.terraform.io/hashicorp/aws\"]",
      "instances": [
        {
          "schema_version": 0,
          "attributes": {
            "id": "codedeploy-ecs-role-irfan/arn:aws:iam::aws:policy/AWSCodeDeployRoleForECS",
            "policy_arn": "arn:aws:iam::aws:policy/AWSCodeDeployRoleForECS",
            "role": "codedeploy-ecs-role-irfan"
          },
          "sensitive_attributes": [],
          "private": "bnVsbA==",
          "dependencies": [
            "aws_iam_role.codedeploy"
          ]
        }
      ]
    },
    {
      "mode": "managed",
      "type": "aws_iam_role_policy_attachment",
      "name": "ecs_execution_policy",
      "provider": "provider[\"registry.terraform.io/hashicorp/aws\"]",
      "instances": [
        {
          "schema_version": 0,
          "attributes": {
            "id": "ecsTaskExecutionRole-strapi-irfan/arn:aws:iam::aws:policy/service-role/AmazonECSTaskExecutionRolePolicy",
            "policy_arn": "arn:aws:iam::aws:policy/service-role/AmazonECSTaskExecutionRolePolicy",
            "role": "ecsTaskExecutionRole-strapi-irfan"
          },
          "sensitive_attributes": [],
          "private": "bnVsbA==",
          "dependencies": [
            "aws_iam_role.ecs_execution"
          ]
        }
      ]
    },
    {
      "mode": "managed",
      "type": "aws_lb",
      "name": "strapi",
      "provider": "provider[\"registry.terraform.io/hashicorp/aws\"]",
      "instances": [
        {
          "schema_version": 0,
          "attributes": {
            "access_logs": [
              {
                "bucket": "",
                "enabled": false,
                "prefix": ""
              }
            ],
            "arn": "arn:aws:elasticloadbalancing:ap-south-1:301782007642:loadbalancer/app/strapi-alb-irfan/509d2add101e0732",
            "arn_suffix": "app/strapi-alb-irfan/509d2add101e0732",
            "client_keep_alive": 3600,
            "connection_logs": [
              {
                "bucket": "",
                "enabled": false,
                "prefix": ""
              }
            ],
            "customer_owned_ipv4_pool": "",
            "desync_mitigation_mode": "defensive",
            "dns_name": "strapi-alb-irfan-1870158425.ap-south-1.elb.amazonaws.com",
            "dns_record_client_routing_policy": null,
            "drop_invalid_header_fields": false,
            "enable_cross_zone_load_balancing": true,
            "enable_deletion_protection": false,
            "enable_http2": true,
            "enable_tls_version_and_cipher_suite_headers": false,
            "enable_waf_fail_open": false,
            "enable_xff_client_port": false,
            "enable_zonal_shift": false,
            "enforce_security_group_inbound_rules_on_private_link_traffic": "",
            "health_check_logs": [
              {
                "bucket": "",
                "enabled": false,
                "prefix": ""
              }
            ],
            "id": "arn:aws:elasticloadbalancing:ap-south-1:301782007642:loadbalancer/app/strapi-alb-irfan/509d2add101e0732",
            "idle_timeout": 60,
            "internal": false,
            "ip_address_type": "ipv4",
            "ipam_pools": [],
            "load_balancer_type": "application",
            "minimum_load_balancer_capacity": [],
            "name": "strapi-alb-irfan",
            "name_prefix": "",
            "preserve_host_header": false,
            "region": "ap-south-1",
            "secondary_ips_auto_assigned_per_subnet": null,
            "security_groups": [
              "sg-0c4210a1f940574bf"
            ],
            "subnet_mapping": [
              {
                "allocation_id": "",
                "ipv6_address": "",
                "outpost_id": "",
                "private_ipv4_address": "",
                "subnet_id": "subnet-0342cfb028d6aff5a"
              },
              {
                "allocation_id": "",
                "ipv6_address": "",
                "outpost_id": "",
                "private_ipv4_address": "",
                "subnet_id": "subnet-0b5f44f6a7c3f2a17"
              },
              {
                "allocation_id": "",
                "ipv6_address": "",
                "outpost_id": "",
                "private_ipv4_address": "",
                "subnet_id": "subnet-0bbac2221b29ffa27"
              }
            ],
            "subnets": [
              "subnet-0342cfb028d6aff5a",
              "subnet-0b5f44f6a7c3f2a17",
              "subnet-0bbac2221b29ffa27"
            ],
            "tags": {
              "Deployment": "blue-green",
              "Environment": "production",
              "Name": "strapi-alb"
            },
            "tags_all": {
              "Deployment": "blue-green",
              "Environment": "production",
              "Name": "strapi-alb"
            },
            "timeouts": null,
            "vpc_id": "vpc-0a8a952bd82a9c081",
            "xff_header_processing_mode": "append",
            "zone_id": "ZP97RAFLXTNZK"
          },
          "sensitive_attributes": [],
          "private": "eyJlMmJmYjczMC1lY2FhLTExZTYtOGY4OC0zNDM2M2JjN2M0YzAiOnsiY3JlYXRlIjo2MDAwMDAwMDAwMDAsImRlbGV0ZSI6NjAwMDAwMDAwMDAwLCJ1cGRhdGUiOjYwMDAwMDAwMDAwMH19",
          "dependencies": [
            "aws_security_group.alb_sg",
            "data.aws_subnet.selected",
            "data.aws_subnets.default_vpc_subnets",
            "data.aws_vpc.default"
          ]
        }
      ]
    },
    {
      "mode": "managed",
      "type": "aws_lb_listener",
      "name": "http",
      "provider": "provider[\"registry.terraform.io/hashicorp/aws\"]",
      "instances": [
        {
          "schema_version": 0,
          "attributes": {
            "alpn_policy": null,
            "arn": "arn:aws:elasticloadbalancing:ap-south-1:301782007642:listener/app/strapi-alb-irfan/509d2add101e0732/b95b62a23f48afbb",
            "certificate_arn": null,
            "default_action": [
              {
                "authenticate_cognito": [],
                "authenticate_oidc": [],
                "fixed_response": [],
                "forward": [],
                "jwt_validation": [],
                "order": 1,
                "redirect": [],
                "target_group_arn": "",
                "type": "forward"
              }
            ],
            "id": "arn:aws:elasticloadbalancing:ap-south-1:301782007642:listener/app/strapi-alb-irfan/509d2add101e0732/b95b62a23f48afbb",
            "load_balancer_arn": "arn:aws:elasticloadbalancing:ap-south-1:301782007642:loadbalancer/app/strapi-alb-irfan/509d2add101e0732",
            "mutual_authentication": [],
            "port": 80,
            "protocol": "HTTP",
            "region": "ap-south-1",
            "routing_http_request_x_amzn_mtls_clientcert_header_name": null,
            "routing_http_request_x_amzn_mtls_clientcert_issuer_header_name": null,
            "routing_http_request_x_amzn_mtls_clientcert_leaf_header_name": null,
            "routing_http_request_x_amzn_mtls_clientcert_serial_number_header_name": null,
            "routing_http_request_x_amzn_mtls_clientcert_subject_header_name": null,
            "routing_http_request_x_amzn_mtls_clientcert_validity_header_name": null,
            "routing_http_request_x_amzn_tls_cipher_suite_header_name": null,
            "routing_http_request_x_amzn_tls_version_header_name": null,
            "routing_http_response_access_control_allow_credentials_header_value": "",
            "routing_http_response_access_control_allow_headers_header_value": "",
            "routing_http_response_access_control_allow_methods_header_value": "",
            "routing_http_response_access_control_allow_origin_header_value": "",
            "routing_http_response_access_control_expose_headers_header_value": "",
            "routing_http_response_access_control_max_age_header_value": "",
            "routing_http_response_content_security_policy_header_value": "",
            "routing_http_response_server_enabled": true,
            "routing_http_response_strict_transport_security_header_value": "",
            "routing_http_response_x_content_type_options_header_value": "",
            "routing_http_response_x_frame_options_header_value": "",
            "ssl_policy": "",
            "tags": {
              "Name": "strapi-listener-http"
            },
            "tags_all": {
              "Name": "strapi-listener-http"
            },
            "tcp_idle_timeout_seconds": null,
            "timeouts": null
          },
          "sensitive_attributes": [],
          "private": "eyJlMmJmYjczMC1lY2FhLTExZTYtOGY4OC0zNDM2M2JjN2M0YzAiOnsiY3JlYXRlIjozMDAwMDAwMDAwMDAsInVwZGF0ZSI6MzAwMDAwMDAwMDAwfX0=",
          "dependencies": [
            "aws_lb.strapi",
            "aws_lb_target_group.blue",
            "aws_security_group.alb_sg",
            "data.aws_subnet.selected",
            "data.aws_subnets.default_vpc_subnets",
            "data.aws_vpc.default"
          ]
        }
      ]
    },
    {
      "mode": "managed",
      "type": "aws_lb_listener",
      "name": "test",
      "provider": "provider[\"registry.terraform.io/hashicorp/aws\"]",
      "instances": [
        {
          "schema_version": 0,
          "attributes": {
            "alpn_policy": null,
            "arn": "arn:aws:elasticloadbalancing:ap-south-1:301782007642:listener/app/strapi-alb-irfan/509d2add101e0732/5bf11c515a1b60cd",
            "certificate_arn": null,
            "default_action": [
              {
                "authenticate_cognito": [],
                "authenticate_oidc": [],
                "fixed_response": [],
                "forward": [],
                "jwt_validation": [],
                "order": 1,
                "redirect": [],
                "target_group_arn": "arn:aws:elasticloadbalancing:ap-south-1:301782007642:targetgroup/strapi-tg-green-irfan/84b74c00fde1f3d0",
                "type": "forward"
              }
            ],
            "id": "arn:aws:elasticloadbalancing:ap-south-1:301782007642:listener/app/strapi-alb-irfan/509d2add101e0732/5bf11c515a1b60cd",
            "load_balancer_arn": "arn:aws:elasticloadbalancing:ap-south-1:301782007642:loadbalancer/app/strapi-alb-irfan/509d2add101e0732",
            "mutual_authentication": [],
            "port": 8080,
            "protocol": "HTTP",
            "region": "ap-south-1",
            "routing_http_request_x_amzn_mtls_clientcert_header_name": null,
            "routing_http_request_x_amzn_mtls_clientcert_issuer_header_name": null,
            "routing_http_request_x_amzn_mtls_clientcert_leaf_header_name": null,
            "routing_http_request_x_amzn_mtls_clientcert_serial_number_header_name": null,
            "routing_http_request_x_amzn_mtls_clientcert_subject_header_name": null,
            "routing_http_request_x_amzn_mtls_clientcert_validity_header_name": null,
            "routing_http_request_x_amzn_tls_cipher_suite_header_name": null,
            "routing_http_request_x_amzn_tls_version_header_name": null,
            "routing_http_response_access_control_allow_credentials_header_value": "",
            "routing_http_response_access_control_allow_headers_header_value": "",
            "routing_http_response_access_control_allow_methods_header_value": "",
            "routing_http_response_access_control_allow_origin_header_value": "",
            "routing_http_response_access_control_expose_headers_header_value": "",
            "routing_http_response_access_control_max_age_header_value": "",
            "routing_http_response_content_security_policy_header_value": "",
            "routing_http_response_server_enabled": true,
            "routing_http_response_strict_transport_security_header_value": "",
            "routing_http_response_x_content_type_options_header_value": "",
            "routing_http_response_x_frame_options_header_value": "",
            "ssl_policy": "",
            "tags": {
              "Name": "strapi-listener-test"
            },
            "tags_all": {
              "Name": "strapi-listener-test"
            },
            "tcp_idle_timeout_seconds": null,
            "timeouts": null
          },
          "sensitive_attributes": [],
          "private": "eyJlMmJmYjczMC1lY2FhLTExZTYtOGY4OC0zNDM2M2JjN2M0YzAiOnsiY3JlYXRlIjozMDAwMDAwMDAwMDAsInVwZGF0ZSI6MzAwMDAwMDAwMDAwfX0=",
          "dependencies": [
            "aws_lb.strapi",
            "aws_lb_target_group.green",
            "aws_security_group.alb_sg",
            "data.aws_subnet.selected",
            "data.aws_subnets.default_vpc_subnets",
            "data.aws_vpc.default"
          ]
        }
      ]
    },
    {
      "mode": "managed",
      "type": "aws_lb_target_group",
      "name": "blue",
      "provider": "provider[\"registry.terraform.io/hashicorp/aws\"]",
      "instances": [
        {
          "schema_version": 0,
          "attributes": {
            "arn": "arn:aws:elasticloadbalancing:ap-south-1:301782007642:targetgroup/strapi-tg-blue-irfan/bce567fb5443f6f4",
            "arn_suffix": "targetgroup/strapi-tg-blue-irfan/bce567fb5443f6f4",
            "connection_termination": null,
            "deregistration_delay": "30",
            "health_check": [
              {
                "enabled": true,
                "healthy_threshold": 2,
                "interval": 30,
                "matcher": "200-399",
                "path": "/",
                "port": "traffic-port",
                "protocol": "HTTP",
                "timeout": 10,
                "unhealthy_threshold": 3
              }
            ],
            "id": "arn:aws:elasticloadbalancing:ap-south-1:301782007642:targetgroup/strapi-tg-blue-irfan/bce567fb5443f6f4",
            "ip_address_type": "ipv4",
            "lambda_multi_value_headers_enabled": false,
            "load_balancer_arns": [
              "arn:aws:elasticloadbalancing:ap-south-1:301782007642:loadbalancer/app/strapi-alb-irfan/509d2add101e0732"
            ],
            "load_balancing_algorithm_type": "round_robin",
            "load_balancing_anomaly_mitigation": "off",
            "load_balancing_cross_zone_enabled": "use_load_balancer_configuration",
            "name": "strapi-tg-blue-irfan",
            "name_prefix": "",
            "port": 1337,
            "preserve_client_ip": null,
            "protocol": "HTTP",
            "protocol_version": "HTTP1",
            "proxy_protocol_v2": false,
            "region": "ap-south-1",
            "slow_start": 0,
            "stickiness": [
              {
                "cookie_duration": 86400,
                "cookie_name": "",
                "enabled": false,
                "type": "lb_cookie"
              }
            ],
            "tags": {
              "Color": "blue",
              "Environment": "production",
              "Name": "strapi-tg-blue"
            },
            "tags_all": {
              "Color": "blue",
              "Environment": "production",
              "Name": "strapi-tg-blue"
            },
            "target_control_port": 0,
            "target_failover": [
              {
                "on_deregistration": null,
                "on_unhealthy": null
              }
            ],
            "target_group_health": [
              {
                "dns_failover": [
                  {
                    "minimum_healthy_targets_count": "1",
                    "minimum_healthy_targets_percentage": "off"
                  }
                ],
                "unhealthy_state_routing": [
                  {
                    "minimum_healthy_targets_count": 1,
                    "minimum_healthy_targets_percentage": "off"
                  }
                ]
              }
            ],
            "target_health_state": [
              {
                "enable_unhealthy_connection_termination": null,
                "unhealthy_draining_interval": null
              }
            ],
            "target_type": "ip",
            "vpc_id": "vpc-0a8a952bd82a9c081"
          },
          "sensitive_attributes": [],
          "private": "bnVsbA==",
          "dependencies": [
            "data.aws_vpc.default"
          ]
        }
      ]
    },
    {
      "mode": "managed",
      "type": "aws_lb_target_group",
      "name": "green",
      "provider": "provider[\"registry.terraform.io/hashicorp/aws\"]",
      "instances": [
        {
          "schema_version": 0,
          "attributes": {
            "arn": "arn:aws:elasticloadbalancing:ap-south-1:301782007642:targetgroup/strapi-tg-green-irfan/84b74c00fde1f3d0",
            "arn_suffix": "targetgroup/strapi-tg-green-irfan/84b74c00fde1f3d0",
            "connection_termination": null,
            "deregistration_delay": "30",
            "health_check": [
              {
                "enabled": true,
                "healthy_threshold": 2,
                "interval": 30,
                "matcher": "200-399",
                "path": "/",
                "port": "traffic-port",
                "protocol": "HTTP",
                "timeout": 10,
                "unhealthy_threshold": 3
              }
            ],
            "id": "arn:aws:elasticloadbalancing:ap-south-1:301782007642:targetgroup/strapi-tg-green-irfan/84b74c00fde1f3d0",
            "ip_address_type": "ipv4",
            "lambda_multi_value_headers_enabled": false,
            "load_balancer_arns": [
              "arn:aws:elasticloadbalancing:ap-south-1:301782007642:loadbalancer/app/strapi-alb-irfan/509d2add101e0732"
            ],
            "load_balancing_algorithm_type": "round_robin",
            "load_balancing_anomaly_mitigation": "off",
            "load_balancing_cross_zone_enabled": "use_load_balancer_configuration",
            "name": "strapi-tg-green-irfan",
            "name_prefix": "",
            "port": 1337,
            "preserve_client_ip": null,
            "protocol": "HTTP",
            "protocol_version": "HTTP1",
            "proxy_protocol_v2": false,
            "region": "ap-south-1",
            "slow_start": 0,
            "stickiness": [
              {
                "cookie_duration": 86400,
                "cookie_name": "",
                "enabled": false,
                "type": "lb_cookie"
              }
            ],
            "tags": {
              "Color": "green",
              "Environment": "production",
              "Name": "strapi-tg-green"
            },
            "tags_all": {
              "Color": "green",
              "Environment": "production",
              "Name": "strapi-tg-green"
            },
            "target_control_port": 0,
            "target_failover": [
              {
                "on_deregistration": null,
                "on_unhealthy": null
              }
            ],
            "target_group_health": [
              {
                "dns_failover": [
                  {
                    "minimum_healthy_targets_count": "1",
                    "minimum_healthy_targets_percentage": "off"
                  }
                ],
                "unhealthy_state_routing": [
                  {
                    "minimum_healthy_targets_count": 1,
                    "minimum_healthy_targets_percentage": "off"
                  }
                ]
              }
            ],
            "target_health_state": [
              {
                "enable_unhealthy_connection_termination": null,
                "unhealthy_draining_interval": null
              }
            ],
            "target_type": "ip",
            "vpc_id": "vpc-0a8a952bd82a9c081"
          },
          "sensitive_attributes": [],
          "private": "bnVsbA==",
          "dependencies": [
            "data.aws_vpc.default"
          ]
        }
      ]
    },
    {
      "mode": "managed",
      "type": "aws_security_group",
      "name": "alb_sg",
      "provider": "provider[\"registry.terraform.io/hashicorp/aws\"]",
      "instances": [
        {
          "schema_version": 1,
          "attributes": {
            "arn": "arn:aws:ec2:ap-south-1:301782007642:security-group/sg-0c4210a1f940574bf",
            "description": "Security group for Application Load Balancer",
            "egress": [
              {
                "cidr_blocks": [
                  "0.0.0.0/0"
                ],
                "description": "",
                "from_port": 0,
                "ipv6_cidr_blocks": [],
                "prefix_list_ids": [],
                "protocol": "-1",
                "security_groups": [],
                "self": false,
                "to_port": 0
              }
            ],
            "id": "sg-0c4210a1f940574bf",
            "ingress": [
              {
                "cidr_blocks": [
                  "0.0.0.0/0"
                ],
                "description": "HTTP from anywhere",
                "from_port": 80,
                "ipv6_cidr_blocks": [],
                "prefix_list_ids": [],
                "protocol": "tcp",
                "security_groups": [],
                "self": false,
                "to_port": 80
              },
              {
                "cidr_blocks": [
                  "0.0.0.0/0"
                ],
                "description": "HTTPS from anywhere",
                "from_port": 443,
                "ipv6_cidr_blocks": [],
                "prefix_list_ids": [],
                "protocol": "tcp",
                "security_groups": [],
                "self": false,
                "to_port": 443
              },
              {
                "cidr_blocks": [
                  "0.0.0.0/0"
                ],
                "description": "Test listener for Blue/Green deployments",
                "from_port": 8080,
                "ipv6_cidr_blocks": [],
                "prefix_list_ids": [],
                "protocol": "tcp",
                "security_groups": [],
                "self": false,
                "to_port": 8080
              }
            ],
            "name": "strapi-alb-sg-irfan",
            "name_prefix": "",
            "owner_id": "301782007642",
            "region": "ap-south-1",
            "revoke_rules_on_delete": false,
            "tags": {
              "Environment": "production",
              "Name": "strapi-alb-sg"
            },
            "tags_all": {
              "Environment": "production",
              "Name": "strapi-alb-sg"
            },
            "timeouts": null,
            "vpc_id": "vpc-0a8a952bd82a9c081"
          },
          "sensitive_attributes": [],
          "private": "eyJlMmJmYjczMC1lY2FhLTExZTYtOGY4OC0zNDM2M2JjN2M0YzAiOnsiY3JlYXRlIjo2MDAwMDAwMDAwMDAsImRlbGV0ZSI6OTAwMDAwMDAwMDAwfSwic2NoZW1hX3ZlcnNpb24iOiIxIn0=",
          "dependencies": [
            "data.aws_vpc.default"
          ],
          "create_before_destroy": true
        }
      ]
    },
    {
      "mode": "managed",
      "type": "aws_security_group",
      "name": "ecs_sg",
      "provider": "provider[\"registry.terraform.io/hashicorp/aws\"]",
      "instances": [
        {
          "schema_version": 1,
          "attributes": {
            "arn": "arn:aws:ec2:ap-south-1:301782007642:security-group/sg-07feb02c90b442a00",
            "description": "Allow Strapi traffic from ALB to ECS tasks",
            "egress": [
              {
                "cidr_blocks": [
                  "0.0.0.0/0"
                ],
                "description": "",
                "from_port": 0,
                "ipv6_cidr_blocks": [],
                "prefix_list_ids": [],
                "protocol": "-1",
                "security_groups": [],
                "self": false,
                "to_port": 0
              }
            ],
            "id": "sg-07feb02c90b442a00",
            "ingress": [
              {
                "cidr_blocks": [],
                "description": "Strapi HTTP from ALB",
                "from_port": 1337,
                "ipv6_cidr_blocks": [],
                "prefix_list_ids": [],
                "protocol": "tcp",
                "security_groups": [
                  "sg-0c4210a1f940574bf"
                ],
                "self": false,
                "to_port": 1337
              }
            ],
            "name": "strapi-ecs-sg-ap",
            "name_prefix": "",
            "owner_id": "301782007642",
            "region": "ap-south-1",
            "revoke_rules_on_delete": false,
            "tags": {
              "Environment": "production",
              "Name": "strapi-ecs-sg"
            },
            "tags_all": {
              "Environment": "production",
              "Name": "strapi-ecs-sg"
            },
            "timeouts": null,
            "vpc_id": "vpc-0a8a952bd82a9c081"
          },
          "sensitive_attributes": [],
          "private": "eyJlMmJmYjczMC1lY2FhLTExZTYtOGY4OC0zNDM2M2JjN2M0YzAiOnsiY3JlYXRlIjo2MDAwMDAwMDAwMDAsImRlbGV0ZSI6OTAwMDAwMDAwMDAwfSwic2NoZW1hX3ZlcnNpb24iOiIxIn0=",
          "dependencies": [
            "aws_security_group.alb_sg",
            "data.aws_vpc.default"
          ],
          "create_before_destroy": true
        }
      ]
    },
    {
      "mode": "managed",
      "type": "aws_security_group",
      "name": "rds_sg",
      "provider": "provider[\"registry.terraform.io/hashicorp/aws\"]",
      "instances": [
        {
          "schema_version": 1,
          "attributes": {
            "arn": "arn:aws:ec2:ap-south-1:301782007642:security-group/sg-0cd97a5a5f6bc3861",
            "description": "Allow DB access from ECS tasks",
            "egress": [
              {
                "cidr_blocks": [
                  "0.0.0.0/0"
                ],
                "description": "",
                "from_port": 0,
                "ipv6_cidr_blocks": [],
                "prefix_list_ids": [],
                "protocol": "-1",
                "security_groups": [],
                "self": false,
                "to_port": 0
              }
            ],
            "id": "sg-0cd97a5a5f6bc3861",
            "ingress": [
              {
                "cidr_blocks": [],
                "description": "Postgres from ECS",
                "from_port": 5432,
                "ipv6_cidr_blocks": [],
                "prefix_list_ids": [],
                "protocol": "tcp",
                "security_groups": [
                  "sg-07feb02c90b442a00"
                ],
                "self": false,
                "to_port": 5432
              }
            ],
            "name": "irfan-rds-sg-ap",
            "name_prefix": "",
            "owner_id": "301782007642",
            "region": "ap-south-1",
            "revoke_rules_on_delete": false,
            "tags": {
              "Environment": "production",
              "Name": "irfan-rds-sg"
            },
            "tags_all": {
              "Environment": "production",
              "Name": "irfan-rds-sg"
            },
            "timeouts": null,
            "vpc_id": "vpc-0a8a952bd82a9c081"
          },
          "sensitive_attributes": [],
          "private": "eyJlMmJmYjczMC1lY2FhLTExZTYtOGY4OC0zNDM2M2JjN2M0YzAiOnsiY3JlYXRlIjo2MDAwMDAwMDAwMDAsImRlbGV0ZSI6OTAwMDAwMDAwMDAwfSwic2NoZW1hX3ZlcnNpb24iOiIxIn0=",
          "dependencies": [
            "aws_security_group.alb_sg",
            "aws_security_group.ecs_sg",
            "data.aws_vpc.default"
          ],
          "create_before_destroy": true
        }
      ]
    }
  ],
  "check_results": null
}
